PODS:
  - DKDBManager (0.6.5):
    - MagicalRecord (~> 2.3.2)
  - DKHelper (2.1.1)
  - MagicalRecord (2.3.2):
    - MagicalRecord/Core (= 2.3.2)
  - MagicalRecord/Core (2.3.2)

DEPENDENCIES:
  - DKDBManager (from `../DKDBManager.podspec`)
  - DKHelper (~> 2.1.1)

EXTERNAL SOURCES:
  DKDBManager:
    :path: ../DKDBManager.podspec

SPEC CHECKSUMS:
  DKDBManager: bb426f1aa26945507f500134c6fdb5023f6a0d75
  DKHelper: f3ae720460430b472f10b7dcf72c4d97ecced2c3
  MagicalRecord: 53bed74b4323b930992a725be713e53b37d19755

PODFILE CHECKSUM: 93e72cad70e602004cf220a7ccf114d4bf0d0b3f

COCOAPODS: 1.0.0
