PODS:
  - DKDBManager (0.6.6):
    - MagicalRecord (~> 2.3.2)
  - DKHelper (2.1.1)
  - MagicalRecord (2.3.2):
    - MagicalRecord/Core (= 2.3.2)
  - MagicalRecord/Core (2.3.2)

DEPENDENCIES:
  - DKDBManager (from `./DKDBManager.podspec`)
  - DKHelper (~> 2.1.1)

EXTERNAL SOURCES:
  DKDBManager:
    :path: ./DKDBManager.podspec

SPEC CHECKSUMS:
  DKDBManager: 24285a300dd54e3c6cae23a317aab15a896bfc77
  DKHelper: f3ae720460430b472f10b7dcf72c4d97ecced2c3
  MagicalRecord: 53bed74b4323b930992a725be713e53b37d19755

PODFILE CHECKSUM: 266e32d23f89dfd02e1237663eaf02cab6919c77

COCOAPODS: 1.0.0
