// !$*UTF8*$!
{
	archiveVersion = 1;
	classes = {
	};
	objectVersion = 46;
	objects = {

/* Begin PBXBuildFile section */
		75C5CE5019DC5C36002BA192 /* Model.xcdatamodeld in Sources */ = {isa = PBXBuildFile; fileRef = 75C5CE4E19DC5C36002BA192 /* Model.xcdatamodeld */; };
		75C5CE5419DC5D74002BA192 /* Runner.m in Sources */ = {isa = PBXBuildFile; fileRef = 75C5CE5319DC5D74002BA192 /* Runner.m */; };
		75C5CE5719DC5DBA002BA192 /* Runner+Helpers.m in Sources */ = {isa = PBXBuildFile; fileRef = 75C5CE5619DC5DBA002BA192 /* Runner+Helpers.m */; };
		75E9956B194EE1A5004FE58A /* Foundation.framework in Frameworks */ = {isa = PBXBuildFile; fileRef = 75E9956A194EE1A5004FE58A /* Foundation.framework */; };
		75E9956D194EE1A5004FE58A /* CoreGraphics.framework in Frameworks */ = {isa = PBXBuildFile; fileRef = 75E9956C194EE1A5004FE58A /* CoreGraphics.framework */; };
		75E9956F194EE1A5004FE58A /* UIKit.framework in Frameworks */ = {isa = PBXBuildFile; fileRef = 75E9956E194EE1A5004FE58A /* UIKit.framework */; };
		75E99575194EE1A5004FE58A /* InfoPlist.strings in Resources */ = {isa = PBXBuildFile; fileRef = 75E99573194EE1A5004FE58A /* InfoPlist.strings */; };
		75E99577194EE1A5004FE58A /* main.m in Sources */ = {isa = PBXBuildFile; fileRef = 75E99576194EE1A5004FE58A /* main.m */; };
		75E9957B194EE1A5004FE58A /* DBTAppDelegate.m in Sources */ = {isa = PBXBuildFile; fileRef = 75E9957A194EE1A5004FE58A /* DBTAppDelegate.m */; };
		75E9957E194EE1A5004FE58A /* Main_iPhone.storyboard in Resources */ = {isa = PBXBuildFile; fileRef = 75E9957C194EE1A5004FE58A /* Main_iPhone.storyboard */; };
		75E99581194EE1A5004FE58A /* Main_iPad.storyboard in Resources */ = {isa = PBXBuildFile; fileRef = 75E9957F194EE1A5004FE58A /* Main_iPad.storyboard */; };
		75E99584194EE1A5004FE58A /* DBTViewController.m in Sources */ = {isa = PBXBuildFile; fileRef = 75E99583194EE1A5004FE58A /* DBTViewController.m */; };
		75E99586194EE1A5004FE58A /* Images.xcassets in Resources */ = {isa = PBXBuildFile; fileRef = 75E99585194EE1A5004FE58A /* Images.xcassets */; };
		75E9958D194EE1A5004FE58A /* XCTest.framework in Frameworks */ = {isa = PBXBuildFile; fileRef = 75E9958C194EE1A5004FE58A /* XCTest.framework */; };
		75E9958E194EE1A5004FE58A /* Foundation.framework in Frameworks */ = {isa = PBXBuildFile; fileRef = 75E9956A194EE1A5004FE58A /* Foundation.framework */; };
		75E9958F194EE1A5004FE58A /* UIKit.framework in Frameworks */ = {isa = PBXBuildFile; fileRef = 75E9956E194EE1A5004FE58A /* UIKit.framework */; };
		75E99597194EE1A5004FE58A /* InfoPlist.strings in Resources */ = {isa = PBXBuildFile; fileRef = 75E99595194EE1A5004FE58A /* InfoPlist.strings */; };
		75E99599194EE1A5004FE58A /* DBTestTests.m in Sources */ = {isa = PBXBuildFile; fileRef = 75E99598194EE1A5004FE58A /* DBTestTests.m */; };
		8942C1B26E474C1FAA87AB87 /* libPods.a in Frameworks */ = {isa = PBXBuildFile; fileRef = 5C66AB7E91BF432B9FE9353D /* libPods.a */; };
/* End PBXBuildFile section */

/* Begin PBXContainerItemProxy section */
		75E99590194EE1A5004FE58A /* PBXContainerItemProxy */ = {
			isa = PBXContainerItemProxy;
			containerPortal = 75E9955F194EE1A5004FE58A /* Project object */;
			proxyType = 1;
			remoteGlobalIDString = 75E99566194EE1A5004FE58A;
			remoteInfo = DBTest;
		};
/* End PBXContainerItemProxy section */

/* Begin PBXFileReference section */
		2920A9F274AFCE7EB0066312 /* Pods.debug.xcconfig */ = {isa = PBXFileReference; includeInIndex = 1; lastKnownFileType = text.xcconfig; name = Pods.debug.xcconfig; path = "Pods/Target Support Files/Pods/Pods.debug.xcconfig"; sourceTree = "<group>"; };
		5C66AB7E91BF432B9FE9353D /* libPods.a */ = {isa = PBXFileReference; explicitFileType = archive.ar; includeInIndex = 0; path = libPods.a; sourceTree = BUILT_PRODUCTS_DIR; };
		75C5CE4F19DC5C36002BA192 /* Model.xcdatamodel */ = {isa = PBXFileReference; lastKnownFileType = wrapper.xcdatamodel; path = Model.xcdatamodel; sourceTree = "<group>"; };
		75C5CE5219DC5D74002BA192 /* Runner.h */ = {isa = PBXFileReference; fileEncoding = 4; lastKnownFileType = sourcecode.c.h; name = Runner.h; path = Models/Runner.h; sourceTree = "<group>"; };
		75C5CE5319DC5D74002BA192 /* Runner.m */ = {isa = PBXFileReference; fileEncoding = 4; lastKnownFileType = sourcecode.c.objc; name = Runner.m; path = Models/Runner.m; sourceTree = "<group>"; };
		75C5CE5519DC5DBA002BA192 /* Runner+Helpers.h */ = {isa = PBXFileReference; fileEncoding = 4; lastKnownFileType = sourcecode.c.h; name = "Runner+Helpers.h"; path = "Models/Runner+Helpers.h"; sourceTree = "<group>"; };
		75C5CE5619DC5DBA002BA192 /* Runner+Helpers.m */ = {isa = PBXFileReference; fileEncoding = 4; lastKnownFileType = sourcecode.c.objc; name = "Runner+Helpers.m"; path = "Models/Runner+Helpers.m"; sourceTree = "<group>"; };
		75E99567194EE1A5004FE58A /* DBTest.app */ = {isa = PBXFileReference; explicitFileType = wrapper.application; includeInIndex = 0; path = DBTest.app; sourceTree = BUILT_PRODUCTS_DIR; };
		75E9956A194EE1A5004FE58A /* Foundation.framework */ = {isa = PBXFileReference; lastKnownFileType = wrapper.framework; name = Foundation.framework; path = System/Library/Frameworks/Foundation.framework; sourceTree = SDKROOT; };
		75E9956C194EE1A5004FE58A /* CoreGraphics.framework */ = {isa = PBXFileReference; lastKnownFileType = wrapper.framework; name = CoreGraphics.framework; path = System/Library/Frameworks/CoreGraphics.framework; sourceTree = SDKROOT; };
		75E9956E194EE1A5004FE58A /* UIKit.framework */ = {isa = PBXFileReference; lastKnownFileType = wrapper.framework; name = UIKit.framework; path = System/Library/Frameworks/UIKit.framework; sourceTree = SDKROOT; };
		75E99572194EE1A5004FE58A /* DBTest-Info.plist */ = {isa = PBXFileReference; lastKnownFileType = text.plist.xml; path = "DBTest-Info.plist"; sourceTree = "<group>"; };
		75E99574194EE1A5004FE58A /* en */ = {isa = PBXFileReference; lastKnownFileType = text.plist.strings; name = en; path = en.lproj/InfoPlist.strings; sourceTree = "<group>"; };
		75E99576194EE1A5004FE58A /* main.m */ = {isa = PBXFileReference; lastKnownFileType = sourcecode.c.objc; path = main.m; sourceTree = "<group>"; };
		75E99578194EE1A5004FE58A /* DBTest-Prefix.pch */ = {isa = PBXFileReference; lastKnownFileType = sourcecode.c.h; path = "DBTest-Prefix.pch"; sourceTree = "<group>"; };
		75E99579194EE1A5004FE58A /* DBTAppDelegate.h */ = {isa = PBXFileReference; lastKnownFileType = sourcecode.c.h; path = DBTAppDelegate.h; sourceTree = "<group>"; };
		75E9957A194EE1A5004FE58A /* DBTAppDelegate.m */ = {isa = PBXFileReference; lastKnownFileType = sourcecode.c.objc; path = DBTAppDelegate.m; sourceTree = "<group>"; };
		75E9957D194EE1A5004FE58A /* Base */ = {isa = PBXFileReference; lastKnownFileType = file.storyboard; name = Base; path = Base.lproj/Main_iPhone.storyboard; sourceTree = "<group>"; };
		75E99580194EE1A5004FE58A /* Base */ = {isa = PBXFileReference; lastKnownFileType = file.storyboard; name = Base; path = Base.lproj/Main_iPad.storyboard; sourceTree = "<group>"; };
		75E99582194EE1A5004FE58A /* DBTViewController.h */ = {isa = PBXFileReference; lastKnownFileType = sourcecode.c.h; path = DBTViewController.h; sourceTree = "<group>"; };
		75E99583194EE1A5004FE58A /* DBTViewController.m */ = {isa = PBXFileReference; lastKnownFileType = sourcecode.c.objc; path = DBTViewController.m; sourceTree = "<group>"; };
		75E99585194EE1A5004FE58A /* Images.xcassets */ = {isa = PBXFileReference; lastKnownFileType = folder.assetcatalog; path = Images.xcassets; sourceTree = "<group>"; };
		75E9958B194EE1A5004FE58A /* DBTestTests.xctest */ = {isa = PBXFileReference; explicitFileType = wrapper.cfbundle; includeInIndex = 0; path = DBTestTests.xctest; sourceTree = BUILT_PRODUCTS_DIR; };
		75E9958C194EE1A5004FE58A /* XCTest.framework */ = {isa = PBXFileReference; lastKnownFileType = wrapper.framework; name = XCTest.framework; path = Library/Frameworks/XCTest.framework; sourceTree = DEVELOPER_DIR; };
		75E99594194EE1A5004FE58A /* DBTestTests-Info.plist */ = {isa = PBXFileReference; lastKnownFileType = text.plist.xml; path = "DBTestTests-Info.plist"; sourceTree = "<group>"; };
		75E99596194EE1A5004FE58A /* en */ = {isa = PBXFileReference; lastKnownFileType = text.plist.strings; name = en; path = en.lproj/InfoPlist.strings; sourceTree = "<group>"; };
		75E99598194EE1A5004FE58A /* DBTestTests.m */ = {isa = PBXFileReference; lastKnownFileType = sourcecode.c.objc; path = DBTestTests.m; sourceTree = "<group>"; };
		A232CE0230C142D10A68F024 /* Pods.release.xcconfig */ = {isa = PBXFileReference; includeInIndex = 1; lastKnownFileType = text.xcconfig; name = Pods.release.xcconfig; path = "Pods/Target Support Files/Pods/Pods.release.xcconfig"; sourceTree = "<group>"; };
/* End PBXFileReference section */

/* Begin PBXFrameworksBuildPhase section */
		75E99564194EE1A5004FE58A /* Frameworks */ = {
			isa = PBXFrameworksBuildPhase;
			buildActionMask = 2147483647;
			files = (
				75E9956D194EE1A5004FE58A /* CoreGraphics.framework in Frameworks */,
				75E9956F194EE1A5004FE58A /* UIKit.framework in Frameworks */,
				75E9956B194EE1A5004FE58A /* Foundation.framework in Frameworks */,
				8942C1B26E474C1FAA87AB87 /* libPods.a in Frameworks */,
			);
			runOnlyForDeploymentPostprocessing = 0;
		};
		75E99588194EE1A5004FE58A /* Frameworks */ = {
			isa = PBXFrameworksBuildPhase;
			buildActionMask = 2147483647;
			files = (
				75E9958D194EE1A5004FE58A /* XCTest.framework in Frameworks */,
				75E9958F194EE1A5004FE58A /* UIKit.framework in Frameworks */,
				75E9958E194EE1A5004FE58A /* Foundation.framework in Frameworks */,
			);
			runOnlyForDeploymentPostprocessing = 0;
		};
/* End PBXFrameworksBuildPhase section */

/* Begin PBXGroup section */
		75C5CE5119DC5D5D002BA192 /* Models */ = {
			isa = PBXGroup;
			children = (
				75C5CE5219DC5D74002BA192 /* Runner.h */,
				75C5CE5319DC5D74002BA192 /* Runner.m */,
				75C5CE5519DC5DBA002BA192 /* Runner+Helpers.h */,
				75C5CE5619DC5DBA002BA192 /* Runner+Helpers.m */,
			);
			name = Models;
			sourceTree = "<group>";
		};
		75E9955E194EE1A5004FE58A = {
			isa = PBXGroup;
			children = (
				75E99570194EE1A5004FE58A /* DBTest */,
				75E99592194EE1A5004FE58A /* DBTestTests */,
				75E99569194EE1A5004FE58A /* Frameworks */,
				75E99568194EE1A5004FE58A /* Products */,
				EB0E377C70EDC951848C2E9E /* Pods */,
			);
			sourceTree = "<group>";
		};
		75E99568194EE1A5004FE58A /* Products */ = {
			isa = PBXGroup;
			children = (
				75E99567194EE1A5004FE58A /* DBTest.app */,
				75E9958B194EE1A5004FE58A /* DBTestTests.xctest */,
			);
			name = Products;
			sourceTree = "<group>";
		};
		75E99569194EE1A5004FE58A /* Frameworks */ = {
			isa = PBXGroup;
			children = (
				75E9956A194EE1A5004FE58A /* Foundation.framework */,
				75E9956C194EE1A5004FE58A /* CoreGraphics.framework */,
				75E9956E194EE1A5004FE58A /* UIKit.framework */,
				75E9958C194EE1A5004FE58A /* XCTest.framework */,
				5C66AB7E91BF432B9FE9353D /* libPods.a */,
			);
			name = Frameworks;
			sourceTree = "<group>";
		};
		75E99570194EE1A5004FE58A /* DBTest */ = {
			isa = PBXGroup;
			children = (
				75C5CE4E19DC5C36002BA192 /* Model.xcdatamodeld */,
				75C5CE5119DC5D5D002BA192 /* Models */,
				75E99579194EE1A5004FE58A /* DBTAppDelegate.h */,
				75E9957A194EE1A5004FE58A /* DBTAppDelegate.m */,
				75E99582194EE1A5004FE58A /* DBTViewController.h */,
				75E99583194EE1A5004FE58A /* DBTViewController.m */,
				75E99571194EE1A5004FE58A /* Supporting Files */,
			);
			path = DBTest;
			sourceTree = "<group>";
		};
		75E99571194EE1A5004FE58A /* Supporting Files */ = {
			isa = PBXGroup;
			children = (
				75E9957C194EE1A5004FE58A /* Main_iPhone.storyboard */,
				75E9957F194EE1A5004FE58A /* Main_iPad.storyboard */,
				75E99585194EE1A5004FE58A /* Images.xcassets */,
				75E99572194EE1A5004FE58A /* DBTest-Info.plist */,
				75E99573194EE1A5004FE58A /* InfoPlist.strings */,
				75E99576194EE1A5004FE58A /* main.m */,
				75E99578194EE1A5004FE58A /* DBTest-Prefix.pch */,
			);
			name = "Supporting Files";
			sourceTree = "<group>";
		};
		75E99592194EE1A5004FE58A /* DBTestTests */ = {
			isa = PBXGroup;
			children = (
				75E99598194EE1A5004FE58A /* DBTestTests.m */,
				75E99593194EE1A5004FE58A /* Supporting Files */,
			);
			path = DBTestTests;
			sourceTree = "<group>";
		};
		75E99593194EE1A5004FE58A /* Supporting Files */ = {
			isa = PBXGroup;
			children = (
				75E99594194EE1A5004FE58A /* DBTestTests-Info.plist */,
				75E99595194EE1A5004FE58A /* InfoPlist.strings */,
			);
			name = "Supporting Files";
			sourceTree = "<group>";
		};
		EB0E377C70EDC951848C2E9E /* Pods */ = {
			isa = PBXGroup;
			children = (
				2920A9F274AFCE7EB0066312 /* Pods.debug.xcconfig */,
				A232CE0230C142D10A68F024 /* Pods.release.xcconfig */,
			);
			name = Pods;
			sourceTree = "<group>";
		};
/* End PBXGroup section */

/* Begin PBXNativeTarget section */
		75E99566194EE1A5004FE58A /* DBTest */ = {
			isa = PBXNativeTarget;
			buildConfigurationList = 75E9959C194EE1A5004FE58A /* Build configuration list for PBXNativeTarget "DBTest" */;
			buildPhases = (
				30E3D43C9CC0494D84A6B7B8 /* Check Pods Manifest.lock */,
				75E99563194EE1A5004FE58A /* Sources */,
				75E99564194EE1A5004FE58A /* Frameworks */,
				75E99565194EE1A5004FE58A /* Resources */,
				14C2909C9FDB413BAFDBD71F /* Copy Pods Resources */,
				716708B1E85767927B9FC072 /* Embed Pods Frameworks */,
			);
			buildRules = (
			);
			dependencies = (
			);
			name = DBTest;
			productName = DBTest;
			productReference = 75E99567194EE1A5004FE58A /* DBTest.app */;
			productType = "com.apple.product-type.application";
		};
		75E9958A194EE1A5004FE58A /* DBTestTests */ = {
			isa = PBXNativeTarget;
			buildConfigurationList = 75E9959F194EE1A5004FE58A /* Build configuration list for PBXNativeTarget "DBTestTests" */;
			buildPhases = (
				75E99587194EE1A5004FE58A /* Sources */,
				75E99588194EE1A5004FE58A /* Frameworks */,
				75E99589194EE1A5004FE58A /* Resources */,
			);
			buildRules = (
			);
			dependencies = (
				75E99591194EE1A5004FE58A /* PBXTargetDependency */,
			);
			name = DBTestTests;
			productName = DBTestTests;
			productReference = 75E9958B194EE1A5004FE58A /* DBTestTests.xctest */;
			productType = "com.apple.product-type.bundle.unit-test";
		};
/* End PBXNativeTarget section */

/* Begin PBXProject section */
		75E9955F194EE1A5004FE58A /* Project object */ = {
			isa = PBXProject;
			attributes = {
				CLASSPREFIX = DBT;
				LastUpgradeCheck = 0700;
				ORGANIZATIONNAME = "kevin delord";
				TargetAttributes = {
					75E9958A194EE1A5004FE58A = {
						TestTargetID = 75E99566194EE1A5004FE58A;
					};
				};
			};
			buildConfigurationList = 75E99562194EE1A5004FE58A /* Build configuration list for PBXProject "DBTest" */;
			compatibilityVersion = "Xcode 3.2";
			developmentRegion = English;
			hasScannedForEncodings = 0;
			knownRegions = (
				en,
				Base,
			);
			mainGroup = 75E9955E194EE1A5004FE58A;
			productRefGroup = 75E99568194EE1A5004FE58A /* Products */;
			projectDirPath = "";
			projectRoot = "";
			targets = (
				75E99566194EE1A5004FE58A /* DBTest */,
				75E9958A194EE1A5004FE58A /* DBTestTests */,
			);
		};
/* End PBXProject section */

/* Begin PBXResourcesBuildPhase section */
		75E99565194EE1A5004FE58A /* Resources */ = {
			isa = PBXResourcesBuildPhase;
			buildActionMask = 2147483647;
			files = (
				75E99581194EE1A5004FE58A /* Main_iPad.storyboard in Resources */,
				75E99586194EE1A5004FE58A /* Images.xcassets in Resources */,
				75E9957E194EE1A5004FE58A /* Main_iPhone.storyboard in Resources */,
				75E99575194EE1A5004FE58A /* InfoPlist.strings in Resources */,
			);
			runOnlyForDeploymentPostprocessing = 0;
		};
		75E99589194EE1A5004FE58A /* Resources */ = {
			isa = PBXResourcesBuildPhase;
			buildActionMask = 2147483647;
			files = (
				75E99597194EE1A5004FE58A /* InfoPlist.strings in Resources */,
			);
			runOnlyForDeploymentPostprocessing = 0;
		};
/* End PBXResourcesBuildPhase section */

/* Begin PBXShellScriptBuildPhase section */
		14C2909C9FDB413BAFDBD71F /* Copy Pods Resources */ = {
			isa = PBXShellScriptBuildPhase;
			buildActionMask = 2147483647;
			files = (
			);
			inputPaths = (
			);
			name = "Copy Pods Resources";
			outputPaths = (
			);
			runOnlyForDeploymentPostprocessing = 0;
			shellPath = /bin/sh;
			shellScript = "\"${SRCROOT}/Pods/Target Support Files/Pods/Pods-resources.sh\"\n";
			showEnvVarsInLog = 0;
		};
		30E3D43C9CC0494D84A6B7B8 /* Check Pods Manifest.lock */ = {
			isa = PBXShellScriptBuildPhase;
			buildActionMask = 2147483647;
			files = (
			);
			inputPaths = (
			);
			name = "Check Pods Manifest.lock";
			outputPaths = (
			);
			runOnlyForDeploymentPostprocessing = 0;
			shellPath = /bin/sh;
			shellScript = "diff \"${PODS_ROOT}/../Podfile.lock\" \"${PODS_ROOT}/Manifest.lock\" > /dev/null\nif [[ $? != 0 ]] ; then\n    cat << EOM\nerror: The sandbox is not in sync with the Podfile.lock. Run 'pod install' or update your CocoaPods installation.\nEOM\n    exit 1\nfi\n";
			showEnvVarsInLog = 0;
		};
		716708B1E85767927B9FC072 /* Embed Pods Frameworks */ = {
			isa = PBXShellScriptBuildPhase;
			buildActionMask = 2147483647;
			files = (
			);
			inputPaths = (
			);
			name = "Embed Pods Frameworks";
			outputPaths = (
			);
			runOnlyForDeploymentPostprocessing = 0;
			shellPath = /bin/sh;
			shellScript = "\"${SRCROOT}/Pods/Target Support Files/Pods/Pods-frameworks.sh\"\n";
			showEnvVarsInLog = 0;
		};
/* End PBXShellScriptBuildPhase section */

/* Begin PBXSourcesBuildPhase section */
		75E99563194EE1A5004FE58A /* Sources */ = {
			isa = PBXSourcesBuildPhase;
			buildActionMask = 2147483647;
			files = (
				75E99577194EE1A5004FE58A /* main.m in Sources */,
				75C5CE5419DC5D74002BA192 /* Runner.m in Sources */,
				75C5CE5719DC5DBA002BA192 /* Runner+Helpers.m in Sources */,
				75E99584194EE1A5004FE58A /* DBTViewController.m in Sources */,
				75C5CE5019DC5C36002BA192 /* Model.xcdatamodeld in Sources */,
				75E9957B194EE1A5004FE58A /* DBTAppDelegate.m in Sources */,
			);
			runOnlyForDeploymentPostprocessing = 0;
		};
		75E99587194EE1A5004FE58A /* Sources */ = {
			isa = PBXSourcesBuildPhase;
			buildActionMask = 2147483647;
			files = (
				75E99599194EE1A5004FE58A /* DBTestTests.m in Sources */,
			);
			runOnlyForDeploymentPostprocessing = 0;
		};
/* End PBXSourcesBuildPhase section */

/* Begin PBXTargetDependency section */
		75E99591194EE1A5004FE58A /* PBXTargetDependency */ = {
			isa = PBXTargetDependency;
			target = 75E99566194EE1A5004FE58A /* DBTest */;
			targetProxy = 75E99590194EE1A5004FE58A /* PBXContainerItemProxy */;
		};
/* End PBXTargetDependency section */

/* Begin PBXVariantGroup section */
		75E99573194EE1A5004FE58A /* InfoPlist.strings */ = {
			isa = PBXVariantGroup;
			children = (
				75E99574194EE1A5004FE58A /* en */,
			);
			name = InfoPlist.strings;
			sourceTree = "<group>";
		};
		75E9957C194EE1A5004FE58A /* Main_iPhone.storyboard */ = {
			isa = PBXVariantGroup;
			children = (
				75E9957D194EE1A5004FE58A /* Base */,
			);
			name = Main_iPhone.storyboard;
			sourceTree = "<group>";
		};
		75E9957F194EE1A5004FE58A /* Main_iPad.storyboard */ = {
			isa = PBXVariantGroup;
			children = (
				75E99580194EE1A5004FE58A /* Base */,
			);
			name = Main_iPad.storyboard;
			sourceTree = "<group>";
		};
		75E99595194EE1A5004FE58A /* InfoPlist.strings */ = {
			isa = PBXVariantGroup;
			children = (
				75E99596194EE1A5004FE58A /* en */,
			);
			name = InfoPlist.strings;
			sourceTree = "<group>";
		};
/* End PBXVariantGroup section */

/* Begin XCBuildConfiguration section */
		75E9959A194EE1A5004FE58A /* Debug */ = {
			isa = XCBuildConfiguration;
			buildSettings = {
				ALWAYS_SEARCH_USER_PATHS = NO;
				CLANG_CXX_LANGUAGE_STANDARD = "gnu++0x";
				CLANG_CXX_LIBRARY = "libc++";
				CLANG_ENABLE_MODULES = YES;
				CLANG_ENABLE_OBJC_ARC = YES;
				CLANG_WARN_BOOL_CONVERSION = YES;
				CLANG_WARN_CONSTANT_CONVERSION = YES;
				CLANG_WARN_DIRECT_OBJC_ISA_USAGE = YES_ERROR;
				CLANG_WARN_EMPTY_BODY = YES;
				CLANG_WARN_ENUM_CONVERSION = YES;
				CLANG_WARN_INT_CONVERSION = YES;
				CLANG_WARN_OBJC_ROOT_CLASS = YES_ERROR;
				CLANG_WARN__DUPLICATE_METHOD_MATCH = YES;
				"CODE_SIGN_IDENTITY[sdk=iphoneos*]" = "iPhone Developer";
				COPY_PHASE_STRIP = NO;
				ENABLE_TESTABILITY = YES;
				GCC_C_LANGUAGE_STANDARD = gnu99;
				GCC_DYNAMIC_NO_PIC = NO;
				GCC_OPTIMIZATION_LEVEL = 0;
				GCC_PREPROCESSOR_DEFINITIONS = (
					"DEBUG=1",
					"$(inherited)",
				);
				GCC_SYMBOLS_PRIVATE_EXTERN = NO;
				GCC_WARN_64_TO_32_BIT_CONVERSION = YES;
				GCC_WARN_ABOUT_RETURN_TYPE = YES_ERROR;
				GCC_WARN_UNDECLARED_SELECTOR = YES;
				GCC_WARN_UNINITIALIZED_AUTOS = YES_AGGRESSIVE;
				GCC_WARN_UNUSED_FUNCTION = YES;
				GCC_WARN_UNUSED_VARIABLE = YES;
				IPHONEOS_DEPLOYMENT_TARGET = 7.1;
				ONLY_ACTIVE_ARCH = YES;
				SDKROOT = iphoneos;
				TARGETED_DEVICE_FAMILY = "1,2";
			};
			name = Debug;
		};
		75E9959B194EE1A5004FE58A /* Release */ = {
			isa = XCBuildConfiguration;
			buildSettings = {
				ALWAYS_SEARCH_USER_PATHS = NO;
				CLANG_CXX_LANGUAGE_STANDARD = "gnu++0x";
				CLANG_CXX_LIBRARY = "libc++";
				CLANG_ENABLE_MODULES = YES;
				CLANG_ENABLE_OBJC_ARC = YES;
				CLANG_WARN_BOOL_CONVERSION = YES;
				CLANG_WARN_CONSTANT_CONVERSION = YES;
				CLANG_WARN_DIRECT_OBJC_ISA_USAGE = YES_ERROR;
				CLANG_WARN_EMPTY_BODY = YES;
				CLANG_WARN_ENUM_CONVERSION = YES;
				CLANG_WARN_INT_CONVERSION = YES;
				CLANG_WARN_OBJC_ROOT_CLASS = YES_ERROR;
				CLANG_WARN__DUPLICATE_METHOD_MATCH = YES;
				"CODE_SIGN_IDENTITY[sdk=iphoneos*]" = "iPhone Developer";
				COPY_PHASE_STRIP = YES;
				ENABLE_NS_ASSERTIONS = NO;
				GCC_C_LANGUAGE_STANDARD = gnu99;
				GCC_WARN_64_TO_32_BIT_CONVERSION = YES;
				GCC_WARN_ABOUT_RETURN_TYPE = YES_ERROR;
				GCC_WARN_UNDECLARED_SELECTOR = YES;
				GCC_WARN_UNINITIALIZED_AUTOS = YES_AGGRESSIVE;
				GCC_WARN_UNUSED_FUNCTION = YES;
				GCC_WARN_UNUSED_VARIABLE = YES;
				IPHONEOS_DEPLOYMENT_TARGET = 7.1;
				SDKROOT = iphoneos;
				TARGETED_DEVICE_FAMILY = "1,2";
				VALIDATE_PRODUCT = YES;
			};
			name = Release;
		};
		75E9959D194EE1A5004FE58A /* Debug */ = {
			isa = XCBuildConfiguration;
			baseConfigurationReference = 2920A9F274AFCE7EB0066312 /* Pods.debug.xcconfig */;
			buildSettings = {
				ASSETCATALOG_COMPILER_APPICON_NAME = AppIcon;
				ASSETCATALOG_COMPILER_LAUNCHIMAGE_NAME = LaunchImage;
				GCC_PRECOMPILE_PREFIX_HEADER = YES;
				GCC_PREFIX_HEADER = "DBTest/DBTest-Prefix.pch";
				INFOPLIST_FILE = "DBTest/DBTest-Info.plist";
				IPHONEOS_DEPLOYMENT_TARGET = 7.1;
				PRODUCT_BUNDLE_IDENTIFIER = "DK.${PRODUCT_NAME:rfc1034identifier}";
				PRODUCT_NAME = "$(TARGET_NAME)";
				WRAPPER_EXTENSION = app;
			};
			name = Debug;
		};
		75E9959E194EE1A5004FE58A /* Release */ = {
			isa = XCBuildConfiguration;
			baseConfigurationReference = A232CE0230C142D10A68F024 /* Pods.release.xcconfig */;
			buildSettings = {
				ASSETCATALOG_COMPILER_APPICON_NAME = AppIcon;
				ASSETCATALOG_COMPILER_LAUNCHIMAGE_NAME = LaunchImage;
				GCC_PRECOMPILE_PREFIX_HEADER = YES;
				GCC_PREFIX_HEADER = "DBTest/DBTest-Prefix.pch";
				INFOPLIST_FILE = "DBTest/DBTest-Info.plist";
				IPHONEOS_DEPLOYMENT_TARGET = 7.1;
				PRODUCT_BUNDLE_IDENTIFIER = "DK.${PRODUCT_NAME:rfc1034identifier}";
				PRODUCT_NAME = "$(TARGET_NAME)";
				WRAPPER_EXTENSION = app;
			};
			name = Release;
		};
		75E995A0194EE1A5004FE58A /* Debug */ = {
			isa = XCBuildConfiguration;
			buildSettings = {
				BUNDLE_LOADER = "$(BUILT_PRODUCTS_DIR)/DBTest.app/DBTest";
				FRAMEWORK_SEARCH_PATHS = (
					"$(SDKROOT)/Developer/Library/Frameworks",
					"$(inherited)",
					"$(DEVELOPER_FRAMEWORKS_DIR)",
				);
				GCC_PRECOMPILE_PREFIX_HEADER = YES;
				GCC_PREFIX_HEADER = "DBTest/DBTest-Prefix.pch";
				GCC_PREPROCESSOR_DEFINITIONS = (
					"DEBUG=1",
					"$(inherited)",
				);
				INFOPLIST_FILE = "DBTestTests/DBTestTests-Info.plist";
				PRODUCT_BUNDLE_IDENTIFIER = "DK.${PRODUCT_NAME:rfc1034identifier}";
				PRODUCT_NAME = "$(TARGET_NAME)";
				TEST_HOST = "$(BUNDLE_LOADER)";
				WRAPPER_EXTENSION = xctest;
			};
			name = Debug;
		};
		75E995A1194EE1A5004FE58A /* Release */ = {
			isa = XCBuildConfiguration;
			buildSettings = {
				BUNDLE_LOADER = "$(BUILT_PRODUCTS_DIR)/DBTest.app/DBTest";
				FRAMEWORK_SEARCH_PATHS = (
					"$(SDKROOT)/Developer/Library/Frameworks",
					"$(inherited)",
					"$(DEVELOPER_FRAMEWORKS_DIR)",
				);
				GCC_PRECOMPILE_PREFIX_HEADER = YES;
				GCC_PREFIX_HEADER = "DBTest/DBTest-Prefix.pch";
				INFOPLIST_FILE = "DBTestTests/DBTestTests-Info.plist";
				PRODUCT_BUNDLE_IDENTIFIER = "DK.${PRODUCT_NAME:rfc1034identifier}";
				PRODUCT_NAME = "$(TARGET_NAME)";
				TEST_HOST = "$(BUNDLE_LOADER)";
				WRAPPER_EXTENSION = xctest;
			};
			name = Release;
		};
/* End XCBuildConfiguration section */

/* Begin XCConfigurationList section */
		75E99562194EE1A5004FE58A /* Build configuration list for PBXProject "DBTest" */ = {
			isa = XCConfigurationList;
			buildConfigurations = (
				75E9959A194EE1A5004FE58A /* Debug */,
				75E9959B194EE1A5004FE58A /* Release */,
			);
			defaultConfigurationIsVisible = 0;
			defaultConfigurationName = Release;
		};
		75E9959C194EE1A5004FE58A /* Build configuration list for PBXNativeTarget "DBTest" */ = {
			isa = XCConfigurationList;
			buildConfigurations = (
				75E9959D194EE1A5004FE58A /* Debug */,
				75E9959E194EE1A5004FE58A /* Release */,
			);
			defaultConfigurationIsVisible = 0;
			defaultConfigurationName = Release;
		};
		75E9959F194EE1A5004FE58A /* Build configuration list for PBXNativeTarget "DBTestTests" */ = {
			isa = XCConfigurationList;
			buildConfigurations = (
				75E995A0194EE1A5004FE58A /* Debug */,
				75E995A1194EE1A5004FE58A /* Release */,
			);
			defaultConfigurationIsVisible = 0;
			defaultConfigurationName = Release;
		};
/* End XCConfigurationList section */

/* Begin XCVersionGroup section */
		75C5CE4E19DC5C36002BA192 /* Model.xcdatamodeld */ = {
			isa = XCVersionGroup;
			children = (
				75C5CE4F19DC5C36002BA192 /* Model.xcdatamodel */,
			);
			currentVersion = 75C5CE4F19DC5C36002BA192 /* Model.xcdatamodel */;
			path = Model.xcdatamodeld;
			sourceTree = "<group>";
			versionGroupType = wrapper.xcdatamodel;
		};
/* End XCVersionGroup section */
	};
	rootObject = 75E9955F194EE1A5004FE58A /* Project object */;
}
