<?xml version="1.0" encoding="UTF-8"?>
<!DOCTYPE plist PUBLIC "-//Apple//DTD PLIST 1.0//EN" "http://www.apple.com/DTDs/PropertyList-1.0.dtd">
<plist version="1.0">
<dict>
	<key>archiveVersion</key>
	<string>1</string>
	<key>classes</key>
	<dict/>
	<key>objectVersion</key>
	<string>46</string>
	<key>objects</key>
	<dict>
		<key>14C2909C9FDB413BAFDBD71F</key>
		<dict>
			<key>buildActionMask</key>
			<string>2147483647</string>
			<key>files</key>
			<array/>
			<key>inputPaths</key>
			<array/>
			<key>isa</key>
			<string>PBXShellScriptBuildPhase</string>
			<key>name</key>
			<string>Copy Pods Resources</string>
			<key>outputPaths</key>
			<array/>
			<key>runOnlyForDeploymentPostprocessing</key>
			<string>0</string>
			<key>shellPath</key>
			<string>/bin/sh</string>
			<key>shellScript</key>
			<string>"${SRCROOT}/Pods/Target Support Files/Pods/Pods-resources.sh"
</string>
			<key>showEnvVarsInLog</key>
			<string>0</string>
		</dict>
		<key>2920A9F274AFCE7EB0066312</key>
		<dict>
			<key>includeInIndex</key>
			<string>1</string>
			<key>isa</key>
			<string>PBXFileReference</string>
			<key>lastKnownFileType</key>
			<string>text.xcconfig</string>
			<key>name</key>
			<string>Pods.debug.xcconfig</string>
			<key>path</key>
			<string>Pods/Target Support Files/Pods/Pods.debug.xcconfig</string>
			<key>sourceTree</key>
			<string>&lt;group&gt;</string>
		</dict>
		<key>30E3D43C9CC0494D84A6B7B8</key>
		<dict>
			<key>buildActionMask</key>
			<string>2147483647</string>
			<key>files</key>
			<array/>
			<key>inputPaths</key>
			<array/>
			<key>isa</key>
			<string>PBXShellScriptBuildPhase</string>
			<key>name</key>
			<string>Check Pods Manifest.lock</string>
			<key>outputPaths</key>
			<array/>
			<key>runOnlyForDeploymentPostprocessing</key>
			<string>0</string>
			<key>shellPath</key>
			<string>/bin/sh</string>
			<key>shellScript</key>
			<string>diff "${PODS_ROOT}/../Podfile.lock" "${PODS_ROOT}/Manifest.lock" &gt; /dev/null
if [[ $? != 0 ]] ; then
    cat &lt;&lt; EOM
error: The sandbox is not in sync with the Podfile.lock. Run 'pod install' or update your CocoaPods installation.
EOM
    exit 1
fi
</string>
			<key>showEnvVarsInLog</key>
			<string>0</string>
		</dict>
		<key>5C66AB7E91BF432B9FE9353D</key>
		<dict>
			<key>explicitFileType</key>
			<string>archive.ar</string>
			<key>includeInIndex</key>
			<string>0</string>
			<key>isa</key>
			<string>PBXFileReference</string>
			<key>path</key>
			<string>libPods.a</string>
			<key>sourceTree</key>
			<string>BUILT_PRODUCTS_DIR</string>
		</dict>
		<key>75C5CE4E19DC5C36002BA192</key>
		<dict>
			<key>children</key>
			<array>
				<string>75C5CE4F19DC5C36002BA192</string>
			</array>
			<key>currentVersion</key>
			<string>75C5CE4F19DC5C36002BA192</string>
			<key>isa</key>
			<string>XCVersionGroup</string>
			<key>path</key>
			<string>Model.xcdatamodeld</string>
			<key>sourceTree</key>
			<string>&lt;group&gt;</string>
			<key>versionGroupType</key>
			<string>wrapper.xcdatamodel</string>
		</dict>
		<key>75C5CE4F19DC5C36002BA192</key>
		<dict>
			<key>isa</key>
			<string>PBXFileReference</string>
			<key>lastKnownFileType</key>
			<string>wrapper.xcdatamodel</string>
			<key>path</key>
			<string>Model.xcdatamodel</string>
			<key>sourceTree</key>
			<string>&lt;group&gt;</string>
		</dict>
		<key>75C5CE5019DC5C36002BA192</key>
		<dict>
			<key>fileRef</key>
			<string>75C5CE4E19DC5C36002BA192</string>
			<key>isa</key>
			<string>PBXBuildFile</string>
		</dict>
		<key>75C5CE5119DC5D5D002BA192</key>
		<dict>
			<key>children</key>
			<array>
				<string>75C5CE5219DC5D74002BA192</string>
				<string>75C5CE5319DC5D74002BA192</string>
				<string>75C5CE5519DC5DBA002BA192</string>
				<string>75C5CE5619DC5DBA002BA192</string>
			</array>
			<key>isa</key>
			<string>PBXGroup</string>
			<key>name</key>
			<string>Models</string>
			<key>sourceTree</key>
			<string>&lt;group&gt;</string>
		</dict>
		<key>75C5CE5219DC5D74002BA192</key>
		<dict>
			<key>fileEncoding</key>
			<string>4</string>
			<key>isa</key>
			<string>PBXFileReference</string>
			<key>lastKnownFileType</key>
			<string>sourcecode.c.h</string>
			<key>name</key>
			<string>Runner.h</string>
			<key>path</key>
			<string>Models/Runner.h</string>
			<key>sourceTree</key>
			<string>&lt;group&gt;</string>
		</dict>
		<key>75C5CE5319DC5D74002BA192</key>
		<dict>
			<key>fileEncoding</key>
			<string>4</string>
			<key>isa</key>
			<string>PBXFileReference</string>
			<key>lastKnownFileType</key>
			<string>sourcecode.c.objc</string>
			<key>name</key>
			<string>Runner.m</string>
			<key>path</key>
			<string>Models/Runner.m</string>
			<key>sourceTree</key>
			<string>&lt;group&gt;</string>
		</dict>
		<key>75C5CE5419DC5D74002BA192</key>
		<dict>
			<key>fileRef</key>
			<string>75C5CE5319DC5D74002BA192</string>
			<key>isa</key>
			<string>PBXBuildFile</string>
		</dict>
		<key>75C5CE5519DC5DBA002BA192</key>
		<dict>
			<key>fileEncoding</key>
			<string>4</string>
			<key>isa</key>
			<string>PBXFileReference</string>
			<key>lastKnownFileType</key>
			<string>sourcecode.c.h</string>
			<key>name</key>
			<string>Runner+Helpers.h</string>
			<key>path</key>
			<string>Models/Runner+Helpers.h</string>
			<key>sourceTree</key>
			<string>&lt;group&gt;</string>
		</dict>
		<key>75C5CE5619DC5DBA002BA192</key>
		<dict>
			<key>fileEncoding</key>
			<string>4</string>
			<key>isa</key>
			<string>PBXFileReference</string>
			<key>lastKnownFileType</key>
			<string>sourcecode.c.objc</string>
			<key>name</key>
			<string>Runner+Helpers.m</string>
			<key>path</key>
			<string>Models/Runner+Helpers.m</string>
			<key>sourceTree</key>
			<string>&lt;group&gt;</string>
		</dict>
		<key>75C5CE5719DC5DBA002BA192</key>
		<dict>
			<key>fileRef</key>
			<string>75C5CE5619DC5DBA002BA192</string>
			<key>isa</key>
			<string>PBXBuildFile</string>
		</dict>
		<key>75E9955E194EE1A5004FE58A</key>
		<dict>
			<key>children</key>
			<array>
				<string>75E99570194EE1A5004FE58A</string>
				<string>75E99592194EE1A5004FE58A</string>
				<string>75E99569194EE1A5004FE58A</string>
				<string>75E99568194EE1A5004FE58A</string>
				<string>EB0E377C70EDC951848C2E9E</string>
			</array>
			<key>isa</key>
			<string>PBXGroup</string>
			<key>sourceTree</key>
			<string>&lt;group&gt;</string>
		</dict>
		<key>75E9955F194EE1A5004FE58A</key>
		<dict>
			<key>attributes</key>
			<dict>
				<key>CLASSPREFIX</key>
				<string>DBT</string>
				<key>LastUpgradeCheck</key>
				<string>0510</string>
				<key>ORGANIZATIONNAME</key>
				<string>kevin delord</string>
				<key>TargetAttributes</key>
				<dict>
					<key>75E9958A194EE1A5004FE58A</key>
					<dict>
						<key>TestTargetID</key>
						<string>75E99566194EE1A5004FE58A</string>
					</dict>
				</dict>
			</dict>
			<key>buildConfigurationList</key>
			<string>75E99562194EE1A5004FE58A</string>
			<key>compatibilityVersion</key>
			<string>Xcode 3.2</string>
			<key>developmentRegion</key>
			<string>English</string>
			<key>hasScannedForEncodings</key>
			<string>0</string>
			<key>isa</key>
			<string>PBXProject</string>
			<key>knownRegions</key>
			<array>
				<string>en</string>
				<string>Base</string>
			</array>
			<key>mainGroup</key>
			<string>75E9955E194EE1A5004FE58A</string>
			<key>productRefGroup</key>
			<string>75E99568194EE1A5004FE58A</string>
			<key>projectDirPath</key>
			<string></string>
			<key>projectReferences</key>
			<array/>
			<key>projectRoot</key>
			<string></string>
			<key>targets</key>
			<array>
				<string>75E99566194EE1A5004FE58A</string>
				<string>75E9958A194EE1A5004FE58A</string>
			</array>
		</dict>
		<key>75E99562194EE1A5004FE58A</key>
		<dict>
			<key>buildConfigurations</key>
			<array>
				<string>75E9959A194EE1A5004FE58A</string>
				<string>75E9959B194EE1A5004FE58A</string>
			</array>
			<key>defaultConfigurationIsVisible</key>
			<string>0</string>
			<key>defaultConfigurationName</key>
			<string>Release</string>
			<key>isa</key>
			<string>XCConfigurationList</string>
		</dict>
		<key>75E99563194EE1A5004FE58A</key>
		<dict>
			<key>buildActionMask</key>
			<string>2147483647</string>
			<key>files</key>
			<array>
				<string>75E99577194EE1A5004FE58A</string>
				<string>75C5CE5419DC5D74002BA192</string>
				<string>75C5CE5719DC5DBA002BA192</string>
				<string>75E99584194EE1A5004FE58A</string>
				<string>75C5CE5019DC5C36002BA192</string>
				<string>75E9957B194EE1A5004FE58A</string>
			</array>
			<key>isa</key>
			<string>PBXSourcesBuildPhase</string>
			<key>runOnlyForDeploymentPostprocessing</key>
			<string>0</string>
		</dict>
		<key>75E99564194EE1A5004FE58A</key>
		<dict>
			<key>buildActionMask</key>
			<string>2147483647</string>
			<key>files</key>
			<array>
				<string>75E9956D194EE1A5004FE58A</string>
				<string>75E9956F194EE1A5004FE58A</string>
				<string>75E9956B194EE1A5004FE58A</string>
				<string>8942C1B26E474C1FAA87AB87</string>
			</array>
			<key>isa</key>
			<string>PBXFrameworksBuildPhase</string>
			<key>runOnlyForDeploymentPostprocessing</key>
			<string>0</string>
		</dict>
		<key>75E99565194EE1A5004FE58A</key>
		<dict>
			<key>buildActionMask</key>
			<string>2147483647</string>
			<key>files</key>
			<array>
				<string>75E99581194EE1A5004FE58A</string>
				<string>75E99586194EE1A5004FE58A</string>
				<string>75E9957E194EE1A5004FE58A</string>
				<string>75E99575194EE1A5004FE58A</string>
			</array>
			<key>isa</key>
			<string>PBXResourcesBuildPhase</string>
			<key>runOnlyForDeploymentPostprocessing</key>
			<string>0</string>
		</dict>
		<key>75E99566194EE1A5004FE58A</key>
		<dict>
			<key>buildConfigurationList</key>
			<string>75E9959C194EE1A5004FE58A</string>
			<key>buildPhases</key>
			<array>
				<string>30E3D43C9CC0494D84A6B7B8</string>
				<string>75E99563194EE1A5004FE58A</string>
				<string>75E99564194EE1A5004FE58A</string>
				<string>75E99565194EE1A5004FE58A</string>
				<string>14C2909C9FDB413BAFDBD71F</string>
			</array>
			<key>buildRules</key>
			<array/>
			<key>dependencies</key>
			<array/>
			<key>isa</key>
			<string>PBXNativeTarget</string>
			<key>name</key>
			<string>DBTest</string>
			<key>productName</key>
			<string>DBTest</string>
			<key>productReference</key>
			<string>75E99567194EE1A5004FE58A</string>
			<key>productType</key>
			<string>com.apple.product-type.application</string>
		</dict>
		<key>75E99567194EE1A5004FE58A</key>
		<dict>
			<key>explicitFileType</key>
			<string>wrapper.application</string>
			<key>includeInIndex</key>
			<string>0</string>
			<key>isa</key>
			<string>PBXFileReference</string>
			<key>path</key>
			<string>DBTest.app</string>
			<key>sourceTree</key>
			<string>BUILT_PRODUCTS_DIR</string>
		</dict>
		<key>75E99568194EE1A5004FE58A</key>
		<dict>
			<key>children</key>
			<array>
				<string>75E99567194EE1A5004FE58A</string>
				<string>75E9958B194EE1A5004FE58A</string>
			</array>
			<key>isa</key>
			<string>PBXGroup</string>
			<key>name</key>
			<string>Products</string>
			<key>sourceTree</key>
			<string>&lt;group&gt;</string>
		</dict>
		<key>75E99569194EE1A5004FE58A</key>
		<dict>
			<key>children</key>
			<array>
				<string>75E9956A194EE1A5004FE58A</string>
				<string>75E9956C194EE1A5004FE58A</string>
				<string>75E9956E194EE1A5004FE58A</string>
				<string>75E9958C194EE1A5004FE58A</string>
				<string>5C66AB7E91BF432B9FE9353D</string>
			</array>
			<key>isa</key>
			<string>PBXGroup</string>
			<key>name</key>
			<string>Frameworks</string>
			<key>sourceTree</key>
			<string>&lt;group&gt;</string>
		</dict>
		<key>75E9956A194EE1A5004FE58A</key>
		<dict>
			<key>isa</key>
			<string>PBXFileReference</string>
			<key>lastKnownFileType</key>
			<string>wrapper.framework</string>
			<key>name</key>
			<string>Foundation.framework</string>
			<key>path</key>
			<string>System/Library/Frameworks/Foundation.framework</string>
			<key>sourceTree</key>
			<string>SDKROOT</string>
		</dict>
		<key>75E9956B194EE1A5004FE58A</key>
		<dict>
			<key>fileRef</key>
			<string>75E9956A194EE1A5004FE58A</string>
			<key>isa</key>
			<string>PBXBuildFile</string>
		</dict>
		<key>75E9956C194EE1A5004FE58A</key>
		<dict>
			<key>isa</key>
			<string>PBXFileReference</string>
			<key>lastKnownFileType</key>
			<string>wrapper.framework</string>
			<key>name</key>
			<string>CoreGraphics.framework</string>
			<key>path</key>
			<string>System/Library/Frameworks/CoreGraphics.framework</string>
			<key>sourceTree</key>
			<string>SDKROOT</string>
		</dict>
		<key>75E9956D194EE1A5004FE58A</key>
		<dict>
			<key>fileRef</key>
			<string>75E9956C194EE1A5004FE58A</string>
			<key>isa</key>
			<string>PBXBuildFile</string>
		</dict>
		<key>75E9956E194EE1A5004FE58A</key>
		<dict>
			<key>isa</key>
			<string>PBXFileReference</string>
			<key>lastKnownFileType</key>
			<string>wrapper.framework</string>
			<key>name</key>
			<string>UIKit.framework</string>
			<key>path</key>
			<string>System/Library/Frameworks/UIKit.framework</string>
			<key>sourceTree</key>
			<string>SDKROOT</string>
		</dict>
		<key>75E9956F194EE1A5004FE58A</key>
		<dict>
			<key>fileRef</key>
			<string>75E9956E194EE1A5004FE58A</string>
			<key>isa</key>
			<string>PBXBuildFile</string>
		</dict>
		<key>75E99570194EE1A5004FE58A</key>
		<dict>
			<key>children</key>
			<array>
				<string>75C5CE4E19DC5C36002BA192</string>
				<string>75C5CE5119DC5D5D002BA192</string>
				<string>75E99579194EE1A5004FE58A</string>
				<string>75E9957A194EE1A5004FE58A</string>
				<string>75E99582194EE1A5004FE58A</string>
				<string>75E99583194EE1A5004FE58A</string>
				<string>75E99571194EE1A5004FE58A</string>
			</array>
			<key>isa</key>
			<string>PBXGroup</string>
			<key>path</key>
			<string>DBTest</string>
			<key>sourceTree</key>
			<string>&lt;group&gt;</string>
		</dict>
		<key>75E99571194EE1A5004FE58A</key>
		<dict>
			<key>children</key>
			<array>
				<string>75E9957C194EE1A5004FE58A</string>
				<string>75E9957F194EE1A5004FE58A</string>
				<string>75E99585194EE1A5004FE58A</string>
				<string>75E99572194EE1A5004FE58A</string>
				<string>75E99573194EE1A5004FE58A</string>
				<string>75E99576194EE1A5004FE58A</string>
				<string>75E99578194EE1A5004FE58A</string>
			</array>
			<key>isa</key>
			<string>PBXGroup</string>
			<key>name</key>
			<string>Supporting Files</string>
			<key>sourceTree</key>
			<string>&lt;group&gt;</string>
		</dict>
		<key>75E99572194EE1A5004FE58A</key>
		<dict>
			<key>isa</key>
			<string>PBXFileReference</string>
			<key>lastKnownFileType</key>
			<string>text.plist.xml</string>
			<key>path</key>
			<string>DBTest-Info.plist</string>
			<key>sourceTree</key>
			<string>&lt;group&gt;</string>
		</dict>
		<key>75E99573194EE1A5004FE58A</key>
		<dict>
			<key>children</key>
			<array>
				<string>75E99574194EE1A5004FE58A</string>
			</array>
			<key>isa</key>
			<string>PBXVariantGroup</string>
			<key>name</key>
			<string>InfoPlist.strings</string>
			<key>sourceTree</key>
			<string>&lt;group&gt;</string>
		</dict>
		<key>75E99574194EE1A5004FE58A</key>
		<dict>
			<key>isa</key>
			<string>PBXFileReference</string>
			<key>lastKnownFileType</key>
			<string>text.plist.strings</string>
			<key>name</key>
			<string>en</string>
			<key>path</key>
			<string>en.lproj/InfoPlist.strings</string>
			<key>sourceTree</key>
			<string>&lt;group&gt;</string>
		</dict>
		<key>75E99575194EE1A5004FE58A</key>
		<dict>
			<key>fileRef</key>
			<string>75E99573194EE1A5004FE58A</string>
			<key>isa</key>
			<string>PBXBuildFile</string>
		</dict>
		<key>75E99576194EE1A5004FE58A</key>
		<dict>
			<key>isa</key>
			<string>PBXFileReference</string>
			<key>lastKnownFileType</key>
			<string>sourcecode.c.objc</string>
			<key>path</key>
			<string>main.m</string>
			<key>sourceTree</key>
			<string>&lt;group&gt;</string>
		</dict>
		<key>75E99577194EE1A5004FE58A</key>
		<dict>
			<key>fileRef</key>
			<string>75E99576194EE1A5004FE58A</string>
			<key>isa</key>
			<string>PBXBuildFile</string>
		</dict>
		<key>75E99578194EE1A5004FE58A</key>
		<dict>
			<key>isa</key>
			<string>PBXFileReference</string>
			<key>lastKnownFileType</key>
			<string>sourcecode.c.h</string>
			<key>path</key>
			<string>DBTest-Prefix.pch</string>
			<key>sourceTree</key>
			<string>&lt;group&gt;</string>
		</dict>
		<key>75E99579194EE1A5004FE58A</key>
		<dict>
			<key>isa</key>
			<string>PBXFileReference</string>
			<key>lastKnownFileType</key>
			<string>sourcecode.c.h</string>
			<key>path</key>
			<string>DBTAppDelegate.h</string>
			<key>sourceTree</key>
			<string>&lt;group&gt;</string>
		</dict>
		<key>75E9957A194EE1A5004FE58A</key>
		<dict>
			<key>isa</key>
			<string>PBXFileReference</string>
			<key>lastKnownFileType</key>
			<string>sourcecode.c.objc</string>
			<key>path</key>
			<string>DBTAppDelegate.m</string>
			<key>sourceTree</key>
			<string>&lt;group&gt;</string>
		</dict>
		<key>75E9957B194EE1A5004FE58A</key>
		<dict>
			<key>fileRef</key>
			<string>75E9957A194EE1A5004FE58A</string>
			<key>isa</key>
			<string>PBXBuildFile</string>
		</dict>
		<key>75E9957C194EE1A5004FE58A</key>
		<dict>
			<key>children</key>
			<array>
				<string>75E9957D194EE1A5004FE58A</string>
			</array>
			<key>isa</key>
			<string>PBXVariantGroup</string>
			<key>name</key>
			<string>Main_iPhone.storyboard</string>
			<key>sourceTree</key>
			<string>&lt;group&gt;</string>
		</dict>
		<key>75E9957D194EE1A5004FE58A</key>
		<dict>
			<key>isa</key>
			<string>PBXFileReference</string>
			<key>lastKnownFileType</key>
			<string>file.storyboard</string>
			<key>name</key>
			<string>Base</string>
			<key>path</key>
			<string>Base.lproj/Main_iPhone.storyboard</string>
			<key>sourceTree</key>
			<string>&lt;group&gt;</string>
		</dict>
		<key>75E9957E194EE1A5004FE58A</key>
		<dict>
			<key>fileRef</key>
			<string>75E9957C194EE1A5004FE58A</string>
			<key>isa</key>
			<string>PBXBuildFile</string>
		</dict>
		<key>75E9957F194EE1A5004FE58A</key>
		<dict>
			<key>children</key>
			<array>
				<string>75E99580194EE1A5004FE58A</string>
			</array>
			<key>isa</key>
			<string>PBXVariantGroup</string>
			<key>name</key>
			<string>Main_iPad.storyboard</string>
			<key>sourceTree</key>
			<string>&lt;group&gt;</string>
		</dict>
		<key>75E99580194EE1A5004FE58A</key>
		<dict>
			<key>isa</key>
			<string>PBXFileReference</string>
			<key>lastKnownFileType</key>
			<string>file.storyboard</string>
			<key>name</key>
			<string>Base</string>
			<key>path</key>
			<string>Base.lproj/Main_iPad.storyboard</string>
			<key>sourceTree</key>
			<string>&lt;group&gt;</string>
		</dict>
		<key>75E99581194EE1A5004FE58A</key>
		<dict>
			<key>fileRef</key>
			<string>75E9957F194EE1A5004FE58A</string>
			<key>isa</key>
			<string>PBXBuildFile</string>
		</dict>
		<key>75E99582194EE1A5004FE58A</key>
		<dict>
			<key>isa</key>
			<string>PBXFileReference</string>
			<key>lastKnownFileType</key>
			<string>sourcecode.c.h</string>
			<key>path</key>
			<string>DBTViewController.h</string>
			<key>sourceTree</key>
			<string>&lt;group&gt;</string>
		</dict>
		<key>75E99583194EE1A5004FE58A</key>
		<dict>
			<key>isa</key>
			<string>PBXFileReference</string>
			<key>lastKnownFileType</key>
			<string>sourcecode.c.objc</string>
			<key>path</key>
			<string>DBTViewController.m</string>
			<key>sourceTree</key>
			<string>&lt;group&gt;</string>
		</dict>
		<key>75E99584194EE1A5004FE58A</key>
		<dict>
			<key>fileRef</key>
			<string>75E99583194EE1A5004FE58A</string>
			<key>isa</key>
			<string>PBXBuildFile</string>
		</dict>
		<key>75E99585194EE1A5004FE58A</key>
		<dict>
			<key>isa</key>
			<string>PBXFileReference</string>
			<key>lastKnownFileType</key>
			<string>folder.assetcatalog</string>
			<key>path</key>
			<string>Images.xcassets</string>
			<key>sourceTree</key>
			<string>&lt;group&gt;</string>
		</dict>
		<key>75E99586194EE1A5004FE58A</key>
		<dict>
			<key>fileRef</key>
			<string>75E99585194EE1A5004FE58A</string>
			<key>isa</key>
			<string>PBXBuildFile</string>
		</dict>
		<key>75E99587194EE1A5004FE58A</key>
		<dict>
			<key>buildActionMask</key>
			<string>2147483647</string>
			<key>files</key>
			<array>
				<string>75E99599194EE1A5004FE58A</string>
			</array>
			<key>isa</key>
			<string>PBXSourcesBuildPhase</string>
			<key>runOnlyForDeploymentPostprocessing</key>
			<string>0</string>
		</dict>
		<key>75E99588194EE1A5004FE58A</key>
		<dict>
			<key>buildActionMask</key>
			<string>2147483647</string>
			<key>files</key>
			<array>
				<string>75E9958D194EE1A5004FE58A</string>
				<string>75E9958F194EE1A5004FE58A</string>
				<string>75E9958E194EE1A5004FE58A</string>
			</array>
			<key>isa</key>
			<string>PBXFrameworksBuildPhase</string>
			<key>runOnlyForDeploymentPostprocessing</key>
			<string>0</string>
		</dict>
		<key>75E99589194EE1A5004FE58A</key>
		<dict>
			<key>buildActionMask</key>
			<string>2147483647</string>
			<key>files</key>
			<array>
				<string>75E99597194EE1A5004FE58A</string>
			</array>
			<key>isa</key>
			<string>PBXResourcesBuildPhase</string>
			<key>runOnlyForDeploymentPostprocessing</key>
			<string>0</string>
		</dict>
		<key>75E9958A194EE1A5004FE58A</key>
		<dict>
			<key>buildConfigurationList</key>
			<string>75E9959F194EE1A5004FE58A</string>
			<key>buildPhases</key>
			<array>
				<string>75E99587194EE1A5004FE58A</string>
				<string>75E99588194EE1A5004FE58A</string>
				<string>75E99589194EE1A5004FE58A</string>
			</array>
			<key>buildRules</key>
			<array/>
			<key>dependencies</key>
			<array>
				<string>75E99591194EE1A5004FE58A</string>
			</array>
			<key>isa</key>
			<string>PBXNativeTarget</string>
			<key>name</key>
			<string>DBTestTests</string>
			<key>productName</key>
			<string>DBTestTests</string>
			<key>productReference</key>
			<string>75E9958B194EE1A5004FE58A</string>
			<key>productType</key>
			<string>com.apple.product-type.bundle.unit-test</string>
		</dict>
		<key>75E9958B194EE1A5004FE58A</key>
		<dict>
			<key>explicitFileType</key>
			<string>wrapper.cfbundle</string>
			<key>includeInIndex</key>
			<string>0</string>
			<key>isa</key>
			<string>PBXFileReference</string>
			<key>path</key>
			<string>DBTestTests.xctest</string>
			<key>sourceTree</key>
			<string>BUILT_PRODUCTS_DIR</string>
		</dict>
		<key>75E9958C194EE1A5004FE58A</key>
		<dict>
			<key>isa</key>
			<string>PBXFileReference</string>
			<key>lastKnownFileType</key>
			<string>wrapper.framework</string>
			<key>name</key>
			<string>XCTest.framework</string>
			<key>path</key>
			<string>Library/Frameworks/XCTest.framework</string>
			<key>sourceTree</key>
			<string>DEVELOPER_DIR</string>
		</dict>
		<key>75E9958D194EE1A5004FE58A</key>
		<dict>
			<key>fileRef</key>
			<string>75E9958C194EE1A5004FE58A</string>
			<key>isa</key>
			<string>PBXBuildFile</string>
		</dict>
		<key>75E9958E194EE1A5004FE58A</key>
		<dict>
			<key>fileRef</key>
			<string>75E9956A194EE1A5004FE58A</string>
			<key>isa</key>
			<string>PBXBuildFile</string>
		</dict>
		<key>75E9958F194EE1A5004FE58A</key>
		<dict>
			<key>fileRef</key>
			<string>75E9956E194EE1A5004FE58A</string>
			<key>isa</key>
			<string>PBXBuildFile</string>
		</dict>
		<key>75E99590194EE1A5004FE58A</key>
		<dict>
			<key>containerPortal</key>
			<string>75E9955F194EE1A5004FE58A</string>
			<key>isa</key>
			<string>PBXContainerItemProxy</string>
			<key>proxyType</key>
			<string>1</string>
			<key>remoteGlobalIDString</key>
			<string>75E99566194EE1A5004FE58A</string>
			<key>remoteInfo</key>
			<string>DBTest</string>
		</dict>
		<key>75E99591194EE1A5004FE58A</key>
		<dict>
			<key>isa</key>
			<string>PBXTargetDependency</string>
			<key>target</key>
			<string>75E99566194EE1A5004FE58A</string>
			<key>targetProxy</key>
			<string>75E99590194EE1A5004FE58A</string>
		</dict>
		<key>75E99592194EE1A5004FE58A</key>
		<dict>
			<key>children</key>
			<array>
				<string>75E99598194EE1A5004FE58A</string>
				<string>75E99593194EE1A5004FE58A</string>
			</array>
			<key>isa</key>
			<string>PBXGroup</string>
			<key>path</key>
			<string>DBTestTests</string>
			<key>sourceTree</key>
			<string>&lt;group&gt;</string>
		</dict>
		<key>75E99593194EE1A5004FE58A</key>
		<dict>
			<key>children</key>
			<array>
				<string>75E99594194EE1A5004FE58A</string>
				<string>75E99595194EE1A5004FE58A</string>
			</array>
			<key>isa</key>
			<string>PBXGroup</string>
			<key>name</key>
			<string>Supporting Files</string>
			<key>sourceTree</key>
			<string>&lt;group&gt;</string>
		</dict>
		<key>75E99594194EE1A5004FE58A</key>
		<dict>
			<key>isa</key>
			<string>PBXFileReference</string>
			<key>lastKnownFileType</key>
			<string>text.plist.xml</string>
			<key>path</key>
			<string>DBTestTests-Info.plist</string>
			<key>sourceTree</key>
			<string>&lt;group&gt;</string>
		</dict>
		<key>75E99595194EE1A5004FE58A</key>
		<dict>
			<key>children</key>
			<array>
				<string>75E99596194EE1A5004FE58A</string>
			</array>
			<key>isa</key>
			<string>PBXVariantGroup</string>
			<key>name</key>
			<string>InfoPlist.strings</string>
			<key>sourceTree</key>
			<string>&lt;group&gt;</string>
		</dict>
		<key>75E99596194EE1A5004FE58A</key>
		<dict>
			<key>isa</key>
			<string>PBXFileReference</string>
			<key>lastKnownFileType</key>
			<string>text.plist.strings</string>
			<key>name</key>
			<string>en</string>
			<key>path</key>
			<string>en.lproj/InfoPlist.strings</string>
			<key>sourceTree</key>
			<string>&lt;group&gt;</string>
		</dict>
		<key>75E99597194EE1A5004FE58A</key>
		<dict>
			<key>fileRef</key>
			<string>75E99595194EE1A5004FE58A</string>
			<key>isa</key>
			<string>PBXBuildFile</string>
		</dict>
		<key>75E99598194EE1A5004FE58A</key>
		<dict>
			<key>isa</key>
			<string>PBXFileReference</string>
			<key>lastKnownFileType</key>
			<string>sourcecode.c.objc</string>
			<key>path</key>
			<string>DBTestTests.m</string>
			<key>sourceTree</key>
			<string>&lt;group&gt;</string>
		</dict>
		<key>75E99599194EE1A5004FE58A</key>
		<dict>
			<key>fileRef</key>
			<string>75E99598194EE1A5004FE58A</string>
			<key>isa</key>
			<string>PBXBuildFile</string>
		</dict>
		<key>75E9959A194EE1A5004FE58A</key>
		<dict>
			<key>buildSettings</key>
			<dict>
				<key>ALWAYS_SEARCH_USER_PATHS</key>
				<string>NO</string>
				<key>CLANG_CXX_LANGUAGE_STANDARD</key>
				<string>gnu++0x</string>
				<key>CLANG_CXX_LIBRARY</key>
				<string>libc++</string>
				<key>CLANG_ENABLE_MODULES</key>
				<string>YES</string>
				<key>CLANG_ENABLE_OBJC_ARC</key>
				<string>YES</string>
				<key>CLANG_WARN_BOOL_CONVERSION</key>
				<string>YES</string>
				<key>CLANG_WARN_CONSTANT_CONVERSION</key>
				<string>YES</string>
				<key>CLANG_WARN_DIRECT_OBJC_ISA_USAGE</key>
				<string>YES_ERROR</string>
				<key>CLANG_WARN_EMPTY_BODY</key>
				<string>YES</string>
				<key>CLANG_WARN_ENUM_CONVERSION</key>
				<string>YES</string>
				<key>CLANG_WARN_INT_CONVERSION</key>
				<string>YES</string>
				<key>CLANG_WARN_OBJC_ROOT_CLASS</key>
				<string>YES_ERROR</string>
				<key>CLANG_WARN__DUPLICATE_METHOD_MATCH</key>
				<string>YES</string>
				<key>CODE_SIGN_IDENTITY[sdk=iphoneos*]</key>
				<string>iPhone Developer</string>
				<key>COPY_PHASE_STRIP</key>
				<string>NO</string>
				<key>GCC_C_LANGUAGE_STANDARD</key>
				<string>gnu99</string>
				<key>GCC_DYNAMIC_NO_PIC</key>
				<string>NO</string>
				<key>GCC_OPTIMIZATION_LEVEL</key>
				<string>0</string>
				<key>GCC_PREPROCESSOR_DEFINITIONS</key>
				<array>
					<string>DEBUG=1</string>
					<string>$(inherited)</string>
				</array>
				<key>GCC_SYMBOLS_PRIVATE_EXTERN</key>
				<string>NO</string>
				<key>GCC_WARN_64_TO_32_BIT_CONVERSION</key>
				<string>YES</string>
				<key>GCC_WARN_ABOUT_RETURN_TYPE</key>
				<string>YES_ERROR</string>
				<key>GCC_WARN_UNDECLARED_SELECTOR</key>
				<string>YES</string>
				<key>GCC_WARN_UNINITIALIZED_AUTOS</key>
				<string>YES_AGGRESSIVE</string>
				<key>GCC_WARN_UNUSED_FUNCTION</key>
				<string>YES</string>
				<key>GCC_WARN_UNUSED_VARIABLE</key>
				<string>YES</string>
				<key>IPHONEOS_DEPLOYMENT_TARGET</key>
				<string>7.1</string>
				<key>ONLY_ACTIVE_ARCH</key>
				<string>YES</string>
				<key>SDKROOT</key>
				<string>iphoneos</string>
				<key>TARGETED_DEVICE_FAMILY</key>
				<string>1,2</string>
			</dict>
			<key>isa</key>
			<string>XCBuildConfiguration</string>
			<key>name</key>
			<string>Debug</string>
		</dict>
		<key>75E9959B194EE1A5004FE58A</key>
		<dict>
			<key>buildSettings</key>
			<dict>
				<key>ALWAYS_SEARCH_USER_PATHS</key>
				<string>NO</string>
				<key>CLANG_CXX_LANGUAGE_STANDARD</key>
				<string>gnu++0x</string>
				<key>CLANG_CXX_LIBRARY</key>
				<string>libc++</string>
				<key>CLANG_ENABLE_MODULES</key>
				<string>YES</string>
				<key>CLANG_ENABLE_OBJC_ARC</key>
				<string>YES</string>
				<key>CLANG_WARN_BOOL_CONVERSION</key>
				<string>YES</string>
				<key>CLANG_WARN_CONSTANT_CONVERSION</key>
				<string>YES</string>
				<key>CLANG_WARN_DIRECT_OBJC_ISA_USAGE</key>
				<string>YES_ERROR</string>
				<key>CLANG_WARN_EMPTY_BODY</key>
				<string>YES</string>
				<key>CLANG_WARN_ENUM_CONVERSION</key>
				<string>YES</string>
				<key>CLANG_WARN_INT_CONVERSION</key>
				<string>YES</string>
				<key>CLANG_WARN_OBJC_ROOT_CLASS</key>
				<string>YES_ERROR</string>
				<key>CLANG_WARN__DUPLICATE_METHOD_MATCH</key>
				<string>YES</string>
				<key>CODE_SIGN_IDENTITY[sdk=iphoneos*]</key>
				<string>iPhone Developer</string>
				<key>COPY_PHASE_STRIP</key>
				<string>YES</string>
				<key>ENABLE_NS_ASSERTIONS</key>
				<string>NO</string>
				<key>GCC_C_LANGUAGE_STANDARD</key>
				<string>gnu99</string>
				<key>GCC_WARN_64_TO_32_BIT_CONVERSION</key>
				<string>YES</string>
				<key>GCC_WARN_ABOUT_RETURN_TYPE</key>
				<string>YES_ERROR</string>
				<key>GCC_WARN_UNDECLARED_SELECTOR</key>
				<string>YES</string>
				<key>GCC_WARN_UNINITIALIZED_AUTOS</key>
				<string>YES_AGGRESSIVE</string>
				<key>GCC_WARN_UNUSED_FUNCTION</key>
				<string>YES</string>
				<key>GCC_WARN_UNUSED_VARIABLE</key>
				<string>YES</string>
				<key>IPHONEOS_DEPLOYMENT_TARGET</key>
				<string>7.1</string>
				<key>SDKROOT</key>
				<string>iphoneos</string>
				<key>TARGETED_DEVICE_FAMILY</key>
				<string>1,2</string>
				<key>VALIDATE_PRODUCT</key>
				<string>YES</string>
			</dict>
			<key>isa</key>
			<string>XCBuildConfiguration</string>
			<key>name</key>
			<string>Release</string>
		</dict>
		<key>75E9959C194EE1A5004FE58A</key>
		<dict>
			<key>buildConfigurations</key>
			<array>
				<string>75E9959D194EE1A5004FE58A</string>
				<string>75E9959E194EE1A5004FE58A</string>
			</array>
			<key>defaultConfigurationIsVisible</key>
			<string>0</string>
			<key>defaultConfigurationName</key>
			<string>Release</string>
			<key>isa</key>
			<string>XCConfigurationList</string>
		</dict>
		<key>75E9959D194EE1A5004FE58A</key>
		<dict>
			<key>baseConfigurationReference</key>
			<string>2920A9F274AFCE7EB0066312</string>
			<key>buildSettings</key>
			<dict>
				<key>ASSETCATALOG_COMPILER_APPICON_NAME</key>
				<string>AppIcon</string>
				<key>ASSETCATALOG_COMPILER_LAUNCHIMAGE_NAME</key>
				<string>LaunchImage</string>
				<key>GCC_PRECOMPILE_PREFIX_HEADER</key>
				<string>YES</string>
				<key>GCC_PREFIX_HEADER</key>
				<string>DBTest/DBTest-Prefix.pch</string>
				<key>INFOPLIST_FILE</key>
				<string>DBTest/DBTest-Info.plist</string>
				<key>PRODUCT_NAME</key>
				<string>$(TARGET_NAME)</string>
				<key>WRAPPER_EXTENSION</key>
				<string>app</string>
			</dict>
			<key>isa</key>
			<string>XCBuildConfiguration</string>
			<key>name</key>
			<string>Debug</string>
		</dict>
		<key>75E9959E194EE1A5004FE58A</key>
		<dict>
			<key>baseConfigurationReference</key>
			<string>A232CE0230C142D10A68F024</string>
			<key>buildSettings</key>
			<dict>
				<key>ASSETCATALOG_COMPILER_APPICON_NAME</key>
				<string>AppIcon</string>
				<key>ASSETCATALOG_COMPILER_LAUNCHIMAGE_NAME</key>
				<string>LaunchImage</string>
				<key>GCC_PRECOMPILE_PREFIX_HEADER</key>
				<string>YES</string>
				<key>GCC_PREFIX_HEADER</key>
				<string>DBTest/DBTest-Prefix.pch</string>
				<key>INFOPLIST_FILE</key>
				<string>DBTest/DBTest-Info.plist</string>
				<key>PRODUCT_NAME</key>
				<string>$(TARGET_NAME)</string>
				<key>WRAPPER_EXTENSION</key>
				<string>app</string>
			</dict>
			<key>isa</key>
			<string>XCBuildConfiguration</string>
			<key>name</key>
			<string>Release</string>
		</dict>
		<key>75E9959F194EE1A5004FE58A</key>
		<dict>
			<key>buildConfigurations</key>
			<array>
				<string>75E995A0194EE1A5004FE58A</string>
				<string>75E995A1194EE1A5004FE58A</string>
			</array>
			<key>defaultConfigurationIsVisible</key>
			<string>0</string>
			<key>defaultConfigurationName</key>
			<string>Release</string>
			<key>isa</key>
			<string>XCConfigurationList</string>
		</dict>
		<key>75E995A0194EE1A5004FE58A</key>
		<dict>
			<key>buildSettings</key>
			<dict>
				<key>BUNDLE_LOADER</key>
				<string>$(BUILT_PRODUCTS_DIR)/DBTest.app/DBTest</string>
				<key>FRAMEWORK_SEARCH_PATHS</key>
				<array>
					<string>$(SDKROOT)/Developer/Library/Frameworks</string>
					<string>$(inherited)</string>
					<string>$(DEVELOPER_FRAMEWORKS_DIR)</string>
				</array>
				<key>GCC_PRECOMPILE_PREFIX_HEADER</key>
				<string>YES</string>
				<key>GCC_PREFIX_HEADER</key>
				<string>DBTest/DBTest-Prefix.pch</string>
				<key>GCC_PREPROCESSOR_DEFINITIONS</key>
				<array>
					<string>DEBUG=1</string>
					<string>$(inherited)</string>
				</array>
				<key>INFOPLIST_FILE</key>
				<string>DBTestTests/DBTestTests-Info.plist</string>
				<key>PRODUCT_NAME</key>
				<string>$(TARGET_NAME)</string>
				<key>TEST_HOST</key>
				<string>$(BUNDLE_LOADER)</string>
				<key>WRAPPER_EXTENSION</key>
				<string>xctest</string>
			</dict>
			<key>isa</key>
			<string>XCBuildConfiguration</string>
			<key>name</key>
			<string>Debug</string>
		</dict>
		<key>75E995A1194EE1A5004FE58A</key>
		<dict>
			<key>buildSettings</key>
			<dict>
				<key>BUNDLE_LOADER</key>
				<string>$(BUILT_PRODUCTS_DIR)/DBTest.app/DBTest</string>
				<key>FRAMEWORK_SEARCH_PATHS</key>
				<array>
					<string>$(SDKROOT)/Developer/Library/Frameworks</string>
					<string>$(inherited)</string>
					<string>$(DEVELOPER_FRAMEWORKS_DIR)</string>
				</array>
				<key>GCC_PRECOMPILE_PREFIX_HEADER</key>
				<string>YES</string>
				<key>GCC_PREFIX_HEADER</key>
				<string>DBTest/DBTest-Prefix.pch</string>
				<key>INFOPLIST_FILE</key>
				<string>DBTestTests/DBTestTests-Info.plist</string>
				<key>PRODUCT_NAME</key>
				<string>$(TARGET_NAME)</string>
				<key>TEST_HOST</key>
				<string>$(BUNDLE_LOADER)</string>
				<key>WRAPPER_EXTENSION</key>
				<string>xctest</string>
			</dict>
			<key>isa</key>
			<string>XCBuildConfiguration</string>
			<key>name</key>
			<string>Release</string>
		</dict>
		<key>8942C1B26E474C1FAA87AB87</key>
		<dict>
			<key>fileRef</key>
			<string>5C66AB7E91BF432B9FE9353D</string>
			<key>isa</key>
			<string>PBXBuildFile</string>
		</dict>
		<key>A232CE0230C142D10A68F024</key>
		<dict>
			<key>includeInIndex</key>
			<string>1</string>
			<key>isa</key>
			<string>PBXFileReference</string>
			<key>lastKnownFileType</key>
			<string>text.xcconfig</string>
			<key>name</key>
			<string>Pods.release.xcconfig</string>
			<key>path</key>
			<string>Pods/Target Support Files/Pods/Pods.release.xcconfig</string>
			<key>sourceTree</key>
			<string>&lt;group&gt;</string>
		</dict>
		<key>EB0E377C70EDC951848C2E9E</key>
		<dict>
			<key>children</key>
			<array>
				<string>2920A9F274AFCE7EB0066312</string>
				<string>A232CE0230C142D10A68F024</string>
			</array>
			<key>isa</key>
			<string>PBXGroup</string>
			<key>name</key>
			<string>Pods</string>
			<key>sourceTree</key>
			<string>&lt;group&gt;</string>
		</dict>
	</dict>
	<key>rootObject</key>
	<string>75E9955F194EE1A5004FE58A</string>
</dict>
</plist>
