// !$*UTF8*$!
{
	archiveVersion = 1;
	classes = {
	};
	objectVersion = 46;
	objects = {

/* Begin PBXBuildFile section */
		75FF77CD1C5299EE00E146D0 /* AppDelegate.swift in Sources */ = {isa = PBXBuildFile; fileRef = 75FF77AE1C5299EE00E146D0 /* AppDelegate.swift */; };
		75FF77CF1C5299EE00E146D0 /* Constants.swift in Sources */ = {isa = PBXBuildFile; fileRef = 75FF77AF1C5299EE00E146D0 /* Constants.swift */; };
		75FF77D11C5299EE00E146D0 /* Baggage+CoreDataProperties.swift in Sources */ = {isa = PBXBuildFile; fileRef = 75FF77B21C5299EE00E146D0 /* Baggage+CoreDataProperties.swift */; };
		75FF77D51C5299EE00E146D0 /* Baggage.swift in Sources */ = {isa = PBXBuildFile; fileRef = 75FF77B41C5299EE00E146D0 /* Baggage.swift */; };
		75FF77D71C5299EE00E146D0 /* DBSwiftTest.xcdatamodeld in Sources */ = {isa = PBXBuildFile; fileRef = 75FF77B51C5299EE00E146D0 /* DBSwiftTest.xcdatamodeld */; };
		75FF77D81C5299EE00E146D0 /* DBSwiftTest.xcdatamodeld in Sources */ = {isa = PBXBuildFile; fileRef = 75FF77B51C5299EE00E146D0 /* DBSwiftTest.xcdatamodeld */; };
		75FF77D91C5299EE00E146D0 /* Passenger+CoreDataProperties.swift in Sources */ = {isa = PBXBuildFile; fileRef = 75FF77B81C5299EE00E146D0 /* Passenger+CoreDataProperties.swift */; };
		75FF77DD1C5299EE00E146D0 /* Passenger.swift in Sources */ = {isa = PBXBuildFile; fileRef = 75FF77BA1C5299EE00E146D0 /* Passenger.swift */; };
		75FF77DF1C5299EE00E146D0 /* Plane+CoreDataProperties.swift in Sources */ = {isa = PBXBuildFile; fileRef = 75FF77BC1C5299EE00E146D0 /* Plane+CoreDataProperties.swift */; };
		75FF77E31C5299EE00E146D0 /* Plane.swift in Sources */ = {isa = PBXBuildFile; fileRef = 75FF77BE1C5299EE00E146D0 /* Plane.swift */; };
		75FF77E51C5299EE00E146D0 /* MockManager.swift in Sources */ = {isa = PBXBuildFile; fileRef = 75FF77BF1C5299EE00E146D0 /* MockManager.swift */; };
		75FF77E71C5299EE00E146D0 /* LaunchScreen.xib in Resources */ = {isa = PBXBuildFile; fileRef = 75FF77C11C5299EE00E146D0 /* LaunchScreen.xib */; };
		75FF77E81C5299EE00E146D0 /* LaunchScreen.xib in Resources */ = {isa = PBXBuildFile; fileRef = 75FF77C11C5299EE00E146D0 /* LaunchScreen.xib */; };
		75FF77E91C5299EE00E146D0 /* Main.storyboard in Resources */ = {isa = PBXBuildFile; fileRef = 75FF77C31C5299EE00E146D0 /* Main.storyboard */; };
		75FF77EA1C5299EE00E146D0 /* Main.storyboard in Resources */ = {isa = PBXBuildFile; fileRef = 75FF77C31C5299EE00E146D0 /* Main.storyboard */; };
		75FF77EB1C5299EE00E146D0 /* Images.xcassets in Resources */ = {isa = PBXBuildFile; fileRef = 75FF77C61C5299EE00E146D0 /* Images.xcassets */; };
		75FF77EC1C5299EE00E146D0 /* Images.xcassets in Resources */ = {isa = PBXBuildFile; fileRef = 75FF77C61C5299EE00E146D0 /* Images.xcassets */; };
		75FF77EE1C5299EE00E146D0 /* Info.plist in Resources */ = {isa = PBXBuildFile; fileRef = 75FF77C71C5299EE00E146D0 /* Info.plist */; };
		75FF77EF1C5299EE00E146D0 /* BaggageViewController.swift in Sources */ = {isa = PBXBuildFile; fileRef = 75FF77C91C5299EE00E146D0 /* BaggageViewController.swift */; };
		75FF77F11C5299EE00E146D0 /* PassengerViewController.swift in Sources */ = {isa = PBXBuildFile; fileRef = 75FF77CA1C5299EE00E146D0 /* PassengerViewController.swift */; };
		75FF77F31C5299EE00E146D0 /* PlaneViewController.swift in Sources */ = {isa = PBXBuildFile; fileRef = 75FF77CB1C5299EE00E146D0 /* PlaneViewController.swift */; };
		75FF77F51C5299EE00E146D0 /* TableViewController.swift in Sources */ = {isa = PBXBuildFile; fileRef = 75FF77CC1C5299EE00E146D0 /* TableViewController.swift */; };
		75FF77F81C529A6300E146D0 /* Pods.framework in Frameworks */ = {isa = PBXBuildFile; fileRef = 75FF77F71C529A6300E146D0 /* Pods.framework */; };
		C91E59A6260E337B2094A680 /* libPods.a in Frameworks */ = {isa = PBXBuildFile; fileRef = 0F9741DC9D7628280BBB888B /* libPods.a */; };
/* End PBXBuildFile section */

/* Begin PBXContainerItemProxy section */
		75C5CB5219DBE8DA002BA192 /* PBXContainerItemProxy */ = {
			isa = PBXContainerItemProxy;
			containerPortal = 75C5CB3119DBE8DA002BA192 /* Project object */;
			proxyType = 1;
			remoteGlobalIDString = 75C5CB3819DBE8DA002BA192;
			remoteInfo = DBSwiftTest;
		};
/* End PBXContainerItemProxy section */

/* Begin PBXFileReference section */
		02EA966AD99F945BEDDD302F /* Pods.debug.xcconfig */ = {isa = PBXFileReference; includeInIndex = 1; lastKnownFileType = text.xcconfig; name = Pods.debug.xcconfig; path = "Pods/Target Support Files/Pods/Pods.debug.xcconfig"; sourceTree = "<group>"; };
		0F9741DC9D7628280BBB888B /* libPods.a */ = {isa = PBXFileReference; explicitFileType = archive.ar; includeInIndex = 0; path = libPods.a; sourceTree = BUILT_PRODUCTS_DIR; };
		27BD9A2BA30E7FCCD5E38A44 /* Pods.release.xcconfig */ = {isa = PBXFileReference; includeInIndex = 1; lastKnownFileType = text.xcconfig; name = Pods.release.xcconfig; path = "Pods/Target Support Files/Pods/Pods.release.xcconfig"; sourceTree = "<group>"; };
		75C5CB3919DBE8DA002BA192 /* DKDBManager.app */ = {isa = PBXFileReference; explicitFileType = wrapper.application; includeInIndex = 0; path = DKDBManager.app; sourceTree = BUILT_PRODUCTS_DIR; };
		75C5CB5119DBE8DA002BA192 /* DKDBManager.xctest */ = {isa = PBXFileReference; explicitFileType = wrapper.cfbundle; includeInIndex = 0; path = DKDBManager.xctest; sourceTree = BUILT_PRODUCTS_DIR; };
		75C5CB5619DBE8DA002BA192 /* Info.plist */ = {isa = PBXFileReference; lastKnownFileType = text.plist.xml; path = Info.plist; sourceTree = "<group>"; };
		75C5CB5719DBE8DA002BA192 /* DBSwiftTestTests.swift */ = {isa = PBXFileReference; lastKnownFileType = sourcecode.swift; path = DBSwiftTestTests.swift; sourceTree = "<group>"; };
		75FF77AE1C5299EE00E146D0 /* AppDelegate.swift */ = {isa = PBXFileReference; fileEncoding = 4; lastKnownFileType = sourcecode.swift; path = AppDelegate.swift; sourceTree = "<group>"; };
		75FF77AF1C5299EE00E146D0 /* Constants.swift */ = {isa = PBXFileReference; fileEncoding = 4; lastKnownFileType = sourcecode.swift; path = Constants.swift; sourceTree = "<group>"; };
		75FF77B21C5299EE00E146D0 /* Baggage+CoreDataProperties.swift */ = {isa = PBXFileReference; fileEncoding = 4; lastKnownFileType = sourcecode.swift; path = "Baggage+CoreDataProperties.swift"; sourceTree = "<group>"; };
		75FF77B41C5299EE00E146D0 /* Baggage.swift */ = {isa = PBXFileReference; fileEncoding = 4; lastKnownFileType = sourcecode.swift; path = Baggage.swift; sourceTree = "<group>"; };
		75FF77B61C5299EE00E146D0 /* DBSwiftTest.xcdatamodel */ = {isa = PBXFileReference; lastKnownFileType = wrapper.xcdatamodel; path = DBSwiftTest.xcdatamodel; sourceTree = "<group>"; };
		75FF77B81C5299EE00E146D0 /* Passenger+CoreDataProperties.swift */ = {isa = PBXFileReference; fileEncoding = 4; lastKnownFileType = sourcecode.swift; path = "Passenger+CoreDataProperties.swift"; sourceTree = "<group>"; };
		75FF77BA1C5299EE00E146D0 /* Passenger.swift */ = {isa = PBXFileReference; fileEncoding = 4; lastKnownFileType = sourcecode.swift; path = Passenger.swift; sourceTree = "<group>"; };
		75FF77BC1C5299EE00E146D0 /* Plane+CoreDataProperties.swift */ = {isa = PBXFileReference; fileEncoding = 4; lastKnownFileType = sourcecode.swift; path = "Plane+CoreDataProperties.swift"; sourceTree = "<group>"; };
		75FF77BE1C5299EE00E146D0 /* Plane.swift */ = {isa = PBXFileReference; fileEncoding = 4; lastKnownFileType = sourcecode.swift; path = Plane.swift; sourceTree = "<group>"; };
		75FF77BF1C5299EE00E146D0 /* MockManager.swift */ = {isa = PBXFileReference; fileEncoding = 4; lastKnownFileType = sourcecode.swift; path = MockManager.swift; sourceTree = "<group>"; };
		75FF77C21C5299EE00E146D0 /* Base */ = {isa = PBXFileReference; lastKnownFileType = file.xib; name = Base; path = Base.lproj/LaunchScreen.xib; sourceTree = "<group>"; };
		75FF77C41C5299EE00E146D0 /* Base */ = {isa = PBXFileReference; lastKnownFileType = file.storyboard; name = Base; path = Base.lproj/Main.storyboard; sourceTree = "<group>"; };
		75FF77C51C5299EE00E146D0 /* DBSwiftTest-Bridging-Header.h */ = {isa = PBXFileReference; fileEncoding = 4; lastKnownFileType = sourcecode.c.h; path = "DBSwiftTest-Bridging-Header.h"; sourceTree = "<group>"; };
		75FF77C61C5299EE00E146D0 /* Images.xcassets */ = {isa = PBXFileReference; lastKnownFileType = folder.assetcatalog; path = Images.xcassets; sourceTree = "<group>"; };
		75FF77C71C5299EE00E146D0 /* Info.plist */ = {isa = PBXFileReference; fileEncoding = 4; lastKnownFileType = text.plist.xml; path = Info.plist; sourceTree = "<group>"; };
		75FF77C91C5299EE00E146D0 /* BaggageViewController.swift */ = {isa = PBXFileReference; fileEncoding = 4; lastKnownFileType = sourcecode.swift; path = BaggageViewController.swift; sourceTree = "<group>"; };
		75FF77CA1C5299EE00E146D0 /* PassengerViewController.swift */ = {isa = PBXFileReference; fileEncoding = 4; lastKnownFileType = sourcecode.swift; path = PassengerViewController.swift; sourceTree = "<group>"; };
		75FF77CB1C5299EE00E146D0 /* PlaneViewController.swift */ = {isa = PBXFileReference; fileEncoding = 4; lastKnownFileType = sourcecode.swift; path = PlaneViewController.swift; sourceTree = "<group>"; };
		75FF77CC1C5299EE00E146D0 /* TableViewController.swift */ = {isa = PBXFileReference; fileEncoding = 4; lastKnownFileType = sourcecode.swift; path = TableViewController.swift; sourceTree = "<group>"; };
		75FF77F71C529A6300E146D0 /* Pods.framework */ = {isa = PBXFileReference; lastKnownFileType = wrapper.framework; name = Pods.framework; path = "Pods/../build/Debug-iphoneos/Pods.framework"; sourceTree = "<group>"; };
/* End PBXFileReference section */

/* Begin PBXFrameworksBuildPhase section */
		75C5CB3619DBE8DA002BA192 /* Frameworks */ = {
			isa = PBXFrameworksBuildPhase;
			buildActionMask = 2147483647;
			files = (
				C91E59A6260E337B2094A680 /* libPods.a in Frameworks */,
			);
			runOnlyForDeploymentPostprocessing = 0;
		};
		75C5CB4E19DBE8DA002BA192 /* Frameworks */ = {
			isa = PBXFrameworksBuildPhase;
			buildActionMask = 2147483647;
			files = (
				75FF77F81C529A6300E146D0 /* Pods.framework in Frameworks */,
			);
			runOnlyForDeploymentPostprocessing = 0;
		};
/* End PBXFrameworksBuildPhase section */

/* Begin PBXGroup section */
		57ACE6FE14D0414F1F765DB8 /* Frameworks */ = {
			isa = PBXGroup;
			children = (
				75FF77F71C529A6300E146D0 /* Pods.framework */,
				0F9741DC9D7628280BBB888B /* libPods.a */,
			);
			name = Frameworks;
			sourceTree = "<group>";
		};
		75C5CB3019DBE8DA002BA192 = {
			isa = PBXGroup;
			children = (
				75C5CB3B19DBE8DA002BA192 /* SampleProject */,
				75C5CB5419DBE8DA002BA192 /* Tests */,
				75C5CB3A19DBE8DA002BA192 /* Products */,
				D74B142824CC574663898D60 /* Pods */,
				57ACE6FE14D0414F1F765DB8 /* Frameworks */,
			);
			sourceTree = "<group>";
		};
		75C5CB3A19DBE8DA002BA192 /* Products */ = {
			isa = PBXGroup;
			children = (
				75C5CB3919DBE8DA002BA192 /* DKDBManager.app */,
				75C5CB5119DBE8DA002BA192 /* DKDBManager.xctest */,
			);
			name = Products;
			sourceTree = "<group>";
		};
		75C5CB3B19DBE8DA002BA192 /* SampleProject */ = {
			isa = PBXGroup;
			children = (
				75FF77AE1C5299EE00E146D0 /* AppDelegate.swift */,
				75FF77AF1C5299EE00E146D0 /* Constants.swift */,
				75FF77BF1C5299EE00E146D0 /* MockManager.swift */,
				75FF77B01C5299EE00E146D0 /* Database */,
				75FF77C01C5299EE00E146D0 /* Resources */,
				75FF77C81C5299EE00E146D0 /* ViewControllers */,
			);
			name = SampleProject;
			path = DBSwiftTest;
			sourceTree = "<group>";
		};
		75C5CB5419DBE8DA002BA192 /* Tests */ = {
			isa = PBXGroup;
			children = (
				75C5CB5719DBE8DA002BA192 /* DBSwiftTestTests.swift */,
				75C5CB5519DBE8DA002BA192 /* Supporting Files */,
			);
			name = Tests;
			path = DBSwiftTestTests;
			sourceTree = "<group>";
		};
		75C5CB5519DBE8DA002BA192 /* Supporting Files */ = {
			isa = PBXGroup;
			children = (
				75C5CB5619DBE8DA002BA192 /* Info.plist */,
			);
			name = "Supporting Files";
			sourceTree = "<group>";
		};
		75FF77B01C5299EE00E146D0 /* Database */ = {
			isa = PBXGroup;
			children = (
				75FF77B51C5299EE00E146D0 /* DBSwiftTest.xcdatamodeld */,
				75FF77B11C5299EE00E146D0 /* Baggage */,
				75FF77B71C5299EE00E146D0 /* Passenger */,
				75FF77BB1C5299EE00E146D0 /* Plane */,
			);
			path = Database;
			sourceTree = "<group>";
		};
		75FF77B11C5299EE00E146D0 /* Baggage */ = {
			isa = PBXGroup;
			children = (
				75FF77B21C5299EE00E146D0 /* Baggage+CoreDataProperties.swift */,
				75FF77B41C5299EE00E146D0 /* Baggage.swift */,
			);
			path = Baggage;
			sourceTree = "<group>";
		};
		75FF77B71C5299EE00E146D0 /* Passenger */ = {
			isa = PBXGroup;
			children = (
				75FF77B81C5299EE00E146D0 /* Passenger+CoreDataProperties.swift */,
				75FF77BA1C5299EE00E146D0 /* Passenger.swift */,
			);
			path = Passenger;
			sourceTree = "<group>";
		};
		75FF77BB1C5299EE00E146D0 /* Plane */ = {
			isa = PBXGroup;
			children = (
				75FF77BC1C5299EE00E146D0 /* Plane+CoreDataProperties.swift */,
				75FF77BE1C5299EE00E146D0 /* Plane.swift */,
			);
			path = Plane;
			sourceTree = "<group>";
		};
		75FF77C01C5299EE00E146D0 /* Resources */ = {
			isa = PBXGroup;
			children = (
				75FF77C11C5299EE00E146D0 /* LaunchScreen.xib */,
				75FF77C31C5299EE00E146D0 /* Main.storyboard */,
				75FF77C51C5299EE00E146D0 /* DBSwiftTest-Bridging-Header.h */,
				75FF77C61C5299EE00E146D0 /* Images.xcassets */,
				75FF77C71C5299EE00E146D0 /* Info.plist */,
			);
			path = Resources;
			sourceTree = "<group>";
		};
		75FF77C81C5299EE00E146D0 /* ViewControllers */ = {
			isa = PBXGroup;
			children = (
				75FF77C91C5299EE00E146D0 /* BaggageViewController.swift */,
				75FF77CA1C5299EE00E146D0 /* PassengerViewController.swift */,
				75FF77CB1C5299EE00E146D0 /* PlaneViewController.swift */,
				75FF77CC1C5299EE00E146D0 /* TableViewController.swift */,
			);
			path = ViewControllers;
			sourceTree = "<group>";
		};
		D74B142824CC574663898D60 /* Pods */ = {
			isa = PBXGroup;
			children = (
				02EA966AD99F945BEDDD302F /* Pods.debug.xcconfig */,
				27BD9A2BA30E7FCCD5E38A44 /* Pods.release.xcconfig */,
			);
			name = Pods;
			sourceTree = "<group>";
		};
/* End PBXGroup section */

/* Begin PBXNativeTarget section */
		75C5CB3819DBE8DA002BA192 /* DKDBManager */ = {
			isa = PBXNativeTarget;
			buildConfigurationList = 75C5CB5B19DBE8DA002BA192 /* Build configuration list for PBXNativeTarget "DKDBManager" */;
			buildPhases = (
				F97E5236BD3F3CD61DC8E625 /* Check Pods Manifest.lock */,
				75C5CB3519DBE8DA002BA192 /* Sources */,
				75C5CB3619DBE8DA002BA192 /* Frameworks */,
				75C5CB3719DBE8DA002BA192 /* Resources */,
				935174490ABF4C150A42F4E0 /* Copy Pods Resources */,
				249401D276C875C1AC3A7CC5 /* Embed Pods Frameworks */,
			);
			buildRules = (
			);
			dependencies = (
			);
			name = DKDBManager;
			productName = DBSwiftTest;
			productReference = 75C5CB3919DBE8DA002BA192 /* DKDBManager.app */;
			productType = "com.apple.product-type.application";
		};
		75C5CB5019DBE8DA002BA192 /* DKDBManagerTests */ = {
			isa = PBXNativeTarget;
			buildConfigurationList = 75C5CB5E19DBE8DA002BA192 /* Build configuration list for PBXNativeTarget "DKDBManagerTests" */;
			buildPhases = (
				75C5CB4D19DBE8DA002BA192 /* Sources */,
				75C5CB4E19DBE8DA002BA192 /* Frameworks */,
				75C5CB4F19DBE8DA002BA192 /* Resources */,
			);
			buildRules = (
			);
			dependencies = (
				75C5CB5319DBE8DA002BA192 /* PBXTargetDependency */,
			);
			name = DKDBManagerTests;
			productName = DBSwiftTestTests;
			productReference = 75C5CB5119DBE8DA002BA192 /* DKDBManager.xctest */;
			productType = "com.apple.product-type.bundle.unit-test";
		};
/* End PBXNativeTarget section */

/* Begin PBXProject section */
		75C5CB3119DBE8DA002BA192 /* Project object */ = {
			isa = PBXProject;
			attributes = {
				LastSwiftMigration = 0700;
				LastSwiftUpdateCheck = 0700;
				LastUpgradeCheck = 0720;
				ORGANIZATIONNAME = "Smart Mobile Factory";
				TargetAttributes = {
					75C5CB3819DBE8DA002BA192 = {
						CreatedOnToolsVersion = 6.0;
					};
					75C5CB5019DBE8DA002BA192 = {
						CreatedOnToolsVersion = 6.0;
						TestTargetID = 75C5CB3819DBE8DA002BA192;
					};
				};
			};
			buildConfigurationList = 75C5CB3419DBE8DA002BA192 /* Build configuration list for PBXProject "DKDBManager" */;
			compatibilityVersion = "Xcode 3.2";
			developmentRegion = English;
			hasScannedForEncodings = 0;
			knownRegions = (
				en,
				Base,
			);
			mainGroup = 75C5CB3019DBE8DA002BA192;
			productRefGroup = 75C5CB3A19DBE8DA002BA192 /* Products */;
			projectDirPath = "";
			projectRoot = "";
			targets = (
				75C5CB3819DBE8DA002BA192 /* DKDBManager */,
				75C5CB5019DBE8DA002BA192 /* DKDBManagerTests */,
			);
		};
/* End PBXProject section */

/* Begin PBXResourcesBuildPhase section */
		75C5CB3719DBE8DA002BA192 /* Resources */ = {
			isa = PBXResourcesBuildPhase;
			buildActionMask = 2147483647;
			files = (
				75FF77EB1C5299EE00E146D0 /* Images.xcassets in Resources */,
				75FF77E71C5299EE00E146D0 /* LaunchScreen.xib in Resources */,
				75FF77E91C5299EE00E146D0 /* Main.storyboard in Resources */,
			);
			runOnlyForDeploymentPostprocessing = 0;
		};
		75C5CB4F19DBE8DA002BA192 /* Resources */ = {
			isa = PBXResourcesBuildPhase;
			buildActionMask = 2147483647;
			files = (
				75FF77EE1C5299EE00E146D0 /* Info.plist in Resources */,
				75FF77EC1C5299EE00E146D0 /* Images.xcassets in Resources */,
				75FF77E81C5299EE00E146D0 /* LaunchScreen.xib in Resources */,
				75FF77EA1C5299EE00E146D0 /* Main.storyboard in Resources */,
			);
			runOnlyForDeploymentPostprocessing = 0;
		};
/* End PBXResourcesBuildPhase section */

/* Begin PBXShellScriptBuildPhase section */
		249401D276C875C1AC3A7CC5 /* Embed Pods Frameworks */ = {
			isa = PBXShellScriptBuildPhase;
			buildActionMask = 2147483647;
			files = (
			);
			inputPaths = (
			);
			name = "Embed Pods Frameworks";
			outputPaths = (
			);
			runOnlyForDeploymentPostprocessing = 0;
			shellPath = /bin/sh;
			shellScript = "\"${SRCROOT}/Pods/Target Support Files/Pods/Pods-frameworks.sh\"\n";
			showEnvVarsInLog = 0;
		};
		935174490ABF4C150A42F4E0 /* Copy Pods Resources */ = {
			isa = PBXShellScriptBuildPhase;
			buildActionMask = 2147483647;
			files = (
			);
			inputPaths = (
			);
			name = "Copy Pods Resources";
			outputPaths = (
			);
			runOnlyForDeploymentPostprocessing = 0;
			shellPath = /bin/sh;
			shellScript = "\"${SRCROOT}/Pods/Target Support Files/Pods/Pods-resources.sh\"\n";
			showEnvVarsInLog = 0;
		};
		F97E5236BD3F3CD61DC8E625 /* Check Pods Manifest.lock */ = {
			isa = PBXShellScriptBuildPhase;
			buildActionMask = 2147483647;
			files = (
			);
			inputPaths = (
			);
			name = "Check Pods Manifest.lock";
			outputPaths = (
			);
			runOnlyForDeploymentPostprocessing = 0;
			shellPath = /bin/sh;
			shellScript = "diff \"${PODS_ROOT}/../Podfile.lock\" \"${PODS_ROOT}/Manifest.lock\" > /dev/null\nif [[ $? != 0 ]] ; then\n    cat << EOM\nerror: The sandbox is not in sync with the Podfile.lock. Run 'pod install' or update your CocoaPods installation.\nEOM\n    exit 1\nfi\n";
			showEnvVarsInLog = 0;
		};
/* End PBXShellScriptBuildPhase section */

/* Begin PBXSourcesBuildPhase section */
		75C5CB3519DBE8DA002BA192 /* Sources */ = {
			isa = PBXSourcesBuildPhase;
			buildActionMask = 2147483647;
			files = (
				75FF77DF1C5299EE00E146D0 /* Plane+CoreDataProperties.swift in Sources */,
				75FF77CD1C5299EE00E146D0 /* AppDelegate.swift in Sources */,
				75FF77F51C5299EE00E146D0 /* TableViewController.swift in Sources */,
				75FF77F31C5299EE00E146D0 /* PlaneViewController.swift in Sources */,
				75FF77E51C5299EE00E146D0 /* MockManager.swift in Sources */,
				75FF77CF1C5299EE00E146D0 /* Constants.swift in Sources */,
				75FF77F11C5299EE00E146D0 /* PassengerViewController.swift in Sources */,
				75FF77D91C5299EE00E146D0 /* Passenger+CoreDataProperties.swift in Sources */,
				75FF77DD1C5299EE00E146D0 /* Passenger.swift in Sources */,
				75FF77D71C5299EE00E146D0 /* DBSwiftTest.xcdatamodeld in Sources */,
				75FF77D51C5299EE00E146D0 /* Baggage.swift in Sources */,
				75FF77E31C5299EE00E146D0 /* Plane.swift in Sources */,
				75FF77D11C5299EE00E146D0 /* Baggage+CoreDataProperties.swift in Sources */,
				75FF77EF1C5299EE00E146D0 /* BaggageViewController.swift in Sources */,
			);
			runOnlyForDeploymentPostprocessing = 0;
		};
		75C5CB4D19DBE8DA002BA192 /* Sources */ = {
			isa = PBXSourcesBuildPhase;
			buildActionMask = 2147483647;
			files = (
				75FF77D81C5299EE00E146D0 /* DBSwiftTest.xcdatamodeld in Sources */,
			);
			runOnlyForDeploymentPostprocessing = 0;
		};
/* End PBXSourcesBuildPhase section */

/* Begin PBXTargetDependency section */
		75C5CB5319DBE8DA002BA192 /* PBXTargetDependency */ = {
			isa = PBXTargetDependency;
			target = 75C5CB3819DBE8DA002BA192 /* DKDBManager */;
			targetProxy = 75C5CB5219DBE8DA002BA192 /* PBXContainerItemProxy */;
		};
/* End PBXTargetDependency section */

/* Begin PBXVariantGroup section */
		75FF77C11C5299EE00E146D0 /* LaunchScreen.xib */ = {
			isa = PBXVariantGroup;
			children = (
				75FF77C21C5299EE00E146D0 /* Base */,
			);
			name = LaunchScreen.xib;
			sourceTree = "<group>";
		};
		75FF77C31C5299EE00E146D0 /* Main.storyboard */ = {
			isa = PBXVariantGroup;
			children = (
				75FF77C41C5299EE00E146D0 /* Base */,
			);
			name = Main.storyboard;
			sourceTree = "<group>";
		};
/* End PBXVariantGroup section */

/* Begin XCBuildConfiguration section */
		75C5CB5919DBE8DA002BA192 /* Debug */ = {
			isa = XCBuildConfiguration;
			buildSettings = {
				ALWAYS_SEARCH_USER_PATHS = NO;
				CLANG_CXX_LANGUAGE_STANDARD = "gnu++0x";
				CLANG_CXX_LIBRARY = "libc++";
				CLANG_ENABLE_MODULES = YES;
				CLANG_ENABLE_OBJC_ARC = YES;
				CLANG_WARN_BOOL_CONVERSION = YES;
				CLANG_WARN_CONSTANT_CONVERSION = YES;
				CLANG_WARN_DIRECT_OBJC_ISA_USAGE = YES_ERROR;
				CLANG_WARN_EMPTY_BODY = YES;
				CLANG_WARN_ENUM_CONVERSION = YES;
				CLANG_WARN_INT_CONVERSION = YES;
				CLANG_WARN_OBJC_ROOT_CLASS = YES_ERROR;
				CLANG_WARN_UNREACHABLE_CODE = YES;
				CLANG_WARN__DUPLICATE_METHOD_MATCH = YES;
				"CODE_SIGN_IDENTITY[sdk=iphoneos*]" = "iPhone Developer";
				COPY_PHASE_STRIP = NO;
				ENABLE_STRICT_OBJC_MSGSEND = YES;
				ENABLE_TESTABILITY = YES;
				GCC_C_LANGUAGE_STANDARD = gnu99;
				GCC_DYNAMIC_NO_PIC = NO;
				GCC_OPTIMIZATION_LEVEL = 0;
				GCC_PREPROCESSOR_DEFINITIONS = (
					"DEBUG=1",
					"$(inherited)",
				);
				GCC_SYMBOLS_PRIVATE_EXTERN = NO;
				GCC_WARN_64_TO_32_BIT_CONVERSION = YES;
				GCC_WARN_ABOUT_RETURN_TYPE = YES_ERROR;
				GCC_WARN_UNDECLARED_SELECTOR = YES;
				GCC_WARN_UNINITIALIZED_AUTOS = YES_AGGRESSIVE;
				GCC_WARN_UNUSED_FUNCTION = YES;
				GCC_WARN_UNUSED_VARIABLE = YES;
				IPHONEOS_DEPLOYMENT_TARGET = 8.0;
				MTL_ENABLE_DEBUG_INFO = YES;
				ONLY_ACTIVE_ARCH = YES;
				SDKROOT = iphoneos;
				SWIFT_OPTIMIZATION_LEVEL = "-Onone";
			};
			name = Debug;
		};
		75C5CB5A19DBE8DA002BA192 /* Release */ = {
			isa = XCBuildConfiguration;
			buildSettings = {
				ALWAYS_SEARCH_USER_PATHS = NO;
				CLANG_CXX_LANGUAGE_STANDARD = "gnu++0x";
				CLANG_CXX_LIBRARY = "libc++";
				CLANG_ENABLE_MODULES = YES;
				CLANG_ENABLE_OBJC_ARC = YES;
				CLANG_WARN_BOOL_CONVERSION = YES;
				CLANG_WARN_CONSTANT_CONVERSION = YES;
				CLANG_WARN_DIRECT_OBJC_ISA_USAGE = YES_ERROR;
				CLANG_WARN_EMPTY_BODY = YES;
				CLANG_WARN_ENUM_CONVERSION = YES;
				CLANG_WARN_INT_CONVERSION = YES;
				CLANG_WARN_OBJC_ROOT_CLASS = YES_ERROR;
				CLANG_WARN_UNREACHABLE_CODE = YES;
				CLANG_WARN__DUPLICATE_METHOD_MATCH = YES;
				"CODE_SIGN_IDENTITY[sdk=iphoneos*]" = "iPhone Developer";
				COPY_PHASE_STRIP = YES;
				ENABLE_NS_ASSERTIONS = NO;
				ENABLE_STRICT_OBJC_MSGSEND = YES;
				GCC_C_LANGUAGE_STANDARD = gnu99;
				GCC_WARN_64_TO_32_BIT_CONVERSION = YES;
				GCC_WARN_ABOUT_RETURN_TYPE = YES_ERROR;
				GCC_WARN_UNDECLARED_SELECTOR = YES;
				GCC_WARN_UNINITIALIZED_AUTOS = YES_AGGRESSIVE;
				GCC_WARN_UNUSED_FUNCTION = YES;
				GCC_WARN_UNUSED_VARIABLE = YES;
				IPHONEOS_DEPLOYMENT_TARGET = 8.0;
				MTL_ENABLE_DEBUG_INFO = NO;
				SDKROOT = iphoneos;
				VALIDATE_PRODUCT = YES;
			};
			name = Release;
		};
		75C5CB5C19DBE8DA002BA192 /* Debug */ = {
			isa = XCBuildConfiguration;
			baseConfigurationReference = 02EA966AD99F945BEDDD302F /* Pods.debug.xcconfig */;
			buildSettings = {
				ASSETCATALOG_COMPILER_APPICON_NAME = AppIcon;
				INFOPLIST_FILE = DBSwiftTest/Resources/Info.plist;
				IPHONEOS_DEPLOYMENT_TARGET = 8.0;
				LD_RUNPATH_SEARCH_PATHS = "$(inherited) @executable_path/Frameworks";
				PRODUCT_BUNDLE_IDENTIFIER = "SMF.$(PRODUCT_NAME:rfc1034identifier)";
				PRODUCT_NAME = DKDBManager;
				SWIFT_OBJC_BRIDGING_HEADER = "DBSwiftTest/Resources/DBSwiftTest-Bridging-Header.h";
			};
			name = Debug;
		};
		75C5CB5D19DBE8DA002BA192 /* Release */ = {
			isa = XCBuildConfiguration;
			baseConfigurationReference = 27BD9A2BA30E7FCCD5E38A44 /* Pods.release.xcconfig */;
			buildSettings = {
				ASSETCATALOG_COMPILER_APPICON_NAME = AppIcon;
				INFOPLIST_FILE = DBSwiftTest/Resources/Info.plist;
				IPHONEOS_DEPLOYMENT_TARGET = 8.0;
				LD_RUNPATH_SEARCH_PATHS = "$(inherited) @executable_path/Frameworks";
				PRODUCT_BUNDLE_IDENTIFIER = "SMF.$(PRODUCT_NAME:rfc1034identifier)";
				PRODUCT_NAME = DKDBManager;
				SWIFT_OBJC_BRIDGING_HEADER = "DBSwiftTest/Resources/DBSwiftTest-Bridging-Header.h";
			};
			name = Release;
		};
		75C5CB5F19DBE8DA002BA192 /* Debug */ = {
			isa = XCBuildConfiguration;
			buildSettings = {
				BUNDLE_LOADER = "$(TEST_HOST)";
				FRAMEWORK_SEARCH_PATHS = (
					"$(inherited)",
					"$(PROJECT_DIR)/build/Debug-iphoneos",
				);
				GCC_PREPROCESSOR_DEFINITIONS = (
					"DEBUG=1",
					"$(inherited)",
				);
				INFOPLIST_FILE = DBSwiftTestTests/Info.plist;
				LD_RUNPATH_SEARCH_PATHS = "$(inherited) @executable_path/Frameworks @loader_path/Frameworks";
				PRODUCT_BUNDLE_IDENTIFIER = "SMF.$(PRODUCT_NAME:rfc1034identifier)";
				PRODUCT_NAME = DKDBManager;
				TEST_HOST = "$(BUILT_PRODUCTS_DIR)/DKDBManager.app/DKDBManager";
			};
			name = Debug;
		};
		75C5CB6019DBE8DA002BA192 /* Release */ = {
			isa = XCBuildConfiguration;
			buildSettings = {
				BUNDLE_LOADER = "$(TEST_HOST)";
				FRAMEWORK_SEARCH_PATHS = (
					"$(inherited)",
					"$(PROJECT_DIR)/build/Debug-iphoneos",
				);
				INFOPLIST_FILE = DBSwiftTestTests/Info.plist;
				LD_RUNPATH_SEARCH_PATHS = "$(inherited) @executable_path/Frameworks @loader_path/Frameworks";
				PRODUCT_BUNDLE_IDENTIFIER = "SMF.$(PRODUCT_NAME:rfc1034identifier)";
				PRODUCT_NAME = DKDBManager;
				TEST_HOST = "$(BUILT_PRODUCTS_DIR)/DKDBManager.app/DKDBManager";
			};
			name = Release;
		};
/* End XCBuildConfiguration section */

/* Begin XCConfigurationList section */
		75C5CB3419DBE8DA002BA192 /* Build configuration list for PBXProject "DKDBManager" */ = {
			isa = XCConfigurationList;
			buildConfigurations = (
				75C5CB5919DBE8DA002BA192 /* Debug */,
				75C5CB5A19DBE8DA002BA192 /* Release */,
			);
			defaultConfigurationIsVisible = 0;
			defaultConfigurationName = Release;
		};
		75C5CB5B19DBE8DA002BA192 /* Build configuration list for PBXNativeTarget "DKDBManager" */ = {
			isa = XCConfigurationList;
			buildConfigurations = (
				75C5CB5C19DBE8DA002BA192 /* Debug */,
				75C5CB5D19DBE8DA002BA192 /* Release */,
			);
			defaultConfigurationIsVisible = 0;
			defaultConfigurationName = Release;
		};
		75C5CB5E19DBE8DA002BA192 /* Build configuration list for PBXNativeTarget "DKDBManagerTests" */ = {
			isa = XCConfigurationList;
			buildConfigurations = (
				75C5CB5F19DBE8DA002BA192 /* Debug */,
				75C5CB6019DBE8DA002BA192 /* Release */,
			);
			defaultConfigurationIsVisible = 0;
			defaultConfigurationName = Release;
		};
/* End XCConfigurationList section */

/* Begin XCVersionGroup section */
		75FF77B51C5299EE00E146D0 /* DBSwiftTest.xcdatamodeld */ = {
			isa = XCVersionGroup;
			children = (
				75FF77B61C5299EE00E146D0 /* DBSwiftTest.xcdatamodel */,
			);
			currentVersion = 75FF77B61C5299EE00E146D0 /* DBSwiftTest.xcdatamodel */;
			path = DBSwiftTest.xcdatamodeld;
			sourceTree = "<group>";
			versionGroupType = wrapper.xcdatamodel;
		};
/* End XCVersionGroup section */
	};
	rootObject = 75C5CB3119DBE8DA002BA192 /* Project object */;
}
