PODS:
  - DKDBManager (0.4.1):
    - DKHelper
    - MagicalRecord
  - DKHelper (0.8.1)
  - MagicalRecord (2.2):
    - MagicalRecord/Core (= 2.2)
  - MagicalRecord/Core (2.2)

DEPENDENCIES:
  - DKDBManager (from `../DKDBManager.podspec`)

EXTERNAL SOURCES:
  DKDBManager:
    :path: ../DKDBManager.podspec

SPEC CHECKSUMS:
  DKDBManager: 9b1d3d69fdf984b96c11f15fa076dbe4fc91b6c4
  DKHelper: 87f8340a258c8553933b1afaefab163975e47b11
  MagicalRecord: f8a56bb87ab6552f20c4bb8681a1958a197ea3cd

COCOAPODS: 0.37.0
