PODS:
  - DKDBManager (0.4.1):
    - DKHelper
    - MagicalRecord
  - DKHelper (0.8.1)
  - MagicalRecord (2.2):
    - MagicalRecord/Core (= 2.2)
  - MagicalRecord/Core (2.2)

DEPENDENCIES:
  - DKDBManager (from `../DKDBManager.podspec`)

EXTERNAL SOURCES:
  DKDBManager:
    :path: ../DKDBManager.podspec

SPEC CHECKSUMS:
  DKDBManager: 74919826ed2d0642c3742b1a46c2d60e843240d8
  DKHelper: 94b1734ebd03836fd087cd45b11bcdd9001dbcdf
  MagicalRecord: 2b471584fc9e3137f3d0a56967917baa4979e224

COCOAPODS: 0.35.0
